<?xml version="1.0" encoding="utf-8"?>
<Project ToolsVersion="4.0" xmlns="http://schemas.microsoft.com/developer/msbuild/2003">
  <ItemGroup>
    <Filter Include="res">
      <UniqueIdentifier>8d66ae17-a338-4f8e-9ecb-a59a2a9c5659</UniqueIdentifier>
    </Filter>
    <Filter Include="res\values">
      <UniqueIdentifier>297a2a33-a7b7-4ec1-8ef1-6abc81af46bd</UniqueIdentifier>
    </Filter>
    <Filter Include="src">
      <UniqueIdentifier>{25e716bd-406d-490f-9c63-c956618f6863}</UniqueIdentifier>
    </Filter>
    <Filter Include="src\com">
      <UniqueIdentifier>{e6ba67dc-3c09-4b3f-8842-cfb1bc929072}</UniqueIdentifier>
    </Filter>
    <Filter Include="src\com\vault16software">
      <UniqueIdentifier>{78399d9f-8cc8-4834-9815-ac2436460fa0}</UniqueIdentifier>
    </Filter>
    <Filter Include="src\com\vault16software\sandbox">
      <UniqueIdentifier>{f6457ab0-cf20-40eb-99f7-d78d423beea8}</UniqueIdentifier>
    </Filter>
    <Filter Include="jni">
      <UniqueIdentifier>{509215e6-2fc4-479c-bd11-9cd30c005e08}</UniqueIdentifier>
    </Filter>
  </ItemGroup>
  <ItemGroup>
    <AndroidBuild Include="AndroidManifest.xml" />
    <AndroidBuild Include="res\values\strings.xml">
      <Filter>res\values</Filter>
    </AndroidBuild>
  </ItemGroup>
  <ItemGroup>
    <JCompile Include="src\com\vault16software\sandbox\sandbox.java">
      <Filter>src\com\vault16software\sandbox</Filter>
    </JCompile>
  </ItemGroup>
</Project>