
Microsoft Visual Studio Solution File, Format Version 12.00
# Visual Studio 15
VisualStudioVersion = 15.0.26228.9
MinimumVisualStudioVersion = 10.0.40219.1
Project("{8BC9CEB8-8B4A-11D0-8D11-00A0C91BC942}") = "Core", "Core\Core.vcxproj", "{CDB20F4C-0F5C-43C1-8165-569F68720BDF}"
EndProject
Project("{8BC9CEB8-8B4A-11D0-8D11-00A0C91BC942}") = "Sandbox", "Sandbox\Sandbox.vcxproj", "{7753502C-2D80-47FA-82EE-54ECE95805DE}"
	ProjectSection(ProjectDependencies) = postProject
		{CDB20F4C-0F5C-43C1-8165-569F68720BDF} = {CDB20F4C-0F5C-43C1-8165-569F68720BDF}
	EndProjectSection
EndProject
Project("{8BC9CEB8-8B4A-11D0-8D11-00A0C91BC942}") = "Editor", "Editor\Editor.vcxproj", "{1FAE27B0-B3EF-41DE-92B9-84F02522C81D}"
	ProjectSection(ProjectDependencies) = postProject
		{CDB20F4C-0F5C-43C1-8165-569F68720BDF} = {CDB20F4C-0F5C-43C1-8165-569F68720BDF}
	EndProjectSection
EndProject
Project("{8BC9CEB8-8B4A-11D0-8D11-00A0C91BC942}") = "Core_Android", "Core_Android\Core_Android.vcxproj", "{AC445DF9-ECAF-4143-A558-81E6675906B7}"
EndProject
Project("{8BC9CEB8-8B4A-11D0-8D11-00A0C91BC942}") = "Core_Web", "Core_Web\Core_Web.vcxproj", "{B4E266A6-B574-4CBA-88F2-EF6F913AA70E}"
EndProject
Project("{8BC9CEB8-8B4A-11D0-8D11-00A0C91BC942}") = "Sandbox_Web", "Sandbox_Web\Sandbox_Web.vcxproj", "{6DAADCE1-7654-4AF0-808C-4B45F989001D}"
	ProjectSection(ProjectDependencies) = postProject
		{B4E266A6-B574-4CBA-88F2-EF6F913AA70E} = {B4E266A6-B574-4CBA-88F2-EF6F913AA70E}
	EndProjectSection
EndProject
Project("{39E2626F-3545-4960-A6E8-258AD8476CE5}") = "Sandbox_Android_Java", "Sandbox_Android\Sandbox_Android_Java.androidproj", "{3478ED96-EECF-4809-91C6-760F3BD40D52}"
	ProjectSection(ProjectDependencies) = postProject
		{1DE1D92D-54E9-4732-BE82-F7AF0C922C84} = {1DE1D92D-54E9-4732-BE82-F7AF0C922C84}
		{AC445DF9-ECAF-4143-A558-81E6675906B7} = {AC445DF9-ECAF-4143-A558-81E6675906B7}
	EndProjectSection
EndProject
Project("{8BC9CEB8-8B4A-11D0-8D11-00A0C91BC942}") = "Sandbox_Android_Cpp", "Sandbox_Android_Cpp\Sandbox_Android_Cpp.vcxproj", "{1DE1D92D-54E9-4732-BE82-F7AF0C922C84}"
	ProjectSection(ProjectDependencies) = postProject
		{AC445DF9-ECAF-4143-A558-81E6675906B7} = {AC445DF9-ECAF-4143-A558-81E6675906B7}
	EndProjectSection
EndProject
Global
	GlobalSection(SolutionConfigurationPlatforms) = preSolution
		Debug|ARM = Debug|ARM
		Debug|ARM64 = Debug|ARM64
		Debug|x64 = Debug|x64
		Debug|x86 = Debug|x86
		Release|ARM = Release|ARM
		Release|ARM64 = Release|ARM64
		Release|x64 = Release|x64
		Release|x86 = Release|x86
		Shipping|ARM = Shipping|ARM
		Shipping|ARM64 = Shipping|ARM64
		Shipping|x64 = Shipping|x64
		Shipping|x86 = Shipping|x86
	EndGlobalSection
	GlobalSection(ProjectConfigurationPlatforms) = postSolution
		{CDB20F4C-0F5C-43C1-8165-569F68720BDF}.Debug|ARM.ActiveCfg = Debug|Win32
		{CDB20F4C-0F5C-43C1-8165-569F68720BDF}.Debug|ARM64.ActiveCfg = Debug|Win32
		{CDB20F4C-0F5C-43C1-8165-569F68720BDF}.Debug|x64.ActiveCfg = Debug|x64
		{CDB20F4C-0F5C-43C1-8165-569F68720BDF}.Debug|x64.Build.0 = Debug|x64
		{CDB20F4C-0F5C-43C1-8165-569F68720BDF}.Debug|x86.ActiveCfg = Debug|Win32
		{CDB20F4C-0F5C-43C1-8165-569F68720BDF}.Debug|x86.Build.0 = Debug|Win32
		{CDB20F4C-0F5C-43C1-8165-569F68720BDF}.Release|ARM.ActiveCfg = Release|Win32
		{CDB20F4C-0F5C-43C1-8165-569F68720BDF}.Release|ARM64.ActiveCfg = Release|Win32
		{CDB20F4C-0F5C-43C1-8165-569F68720BDF}.Release|x64.ActiveCfg = Release|x64
		{CDB20F4C-0F5C-43C1-8165-569F68720BDF}.Release|x64.Build.0 = Release|x64
		{CDB20F4C-0F5C-43C1-8165-569F68720BDF}.Release|x86.ActiveCfg = Release|Win32
		{CDB20F4C-0F5C-43C1-8165-569F68720BDF}.Release|x86.Build.0 = Release|Win32
		{CDB20F4C-0F5C-43C1-8165-569F68720BDF}.Shipping|ARM.ActiveCfg = Release|x64
		{CDB20F4C-0F5C-43C1-8165-569F68720BDF}.Shipping|ARM.Build.0 = Release|x64
		{CDB20F4C-0F5C-43C1-8165-569F68720BDF}.Shipping|ARM64.ActiveCfg = Release|x64
		{CDB20F4C-0F5C-43C1-8165-569F68720BDF}.Shipping|ARM64.Build.0 = Release|x64
		{CDB20F4C-0F5C-43C1-8165-569F68720BDF}.Shipping|x64.ActiveCfg = Release|x64
		{CDB20F4C-0F5C-43C1-8165-569F68720BDF}.Shipping|x64.Build.0 = Release|x64
		{CDB20F4C-0F5C-43C1-8165-569F68720BDF}.Shipping|x86.ActiveCfg = Release|Win32
		{CDB20F4C-0F5C-43C1-8165-569F68720BDF}.Shipping|x86.Build.0 = Release|Win32
		{7753502C-2D80-47FA-82EE-54ECE95805DE}.Debug|ARM.ActiveCfg = Debug|Win32
		{7753502C-2D80-47FA-82EE-54ECE95805DE}.Debug|ARM64.ActiveCfg = Debug|Win32
		{7753502C-2D80-47FA-82EE-54ECE95805DE}.Debug|x64.ActiveCfg = Debug|x64
		{7753502C-2D80-47FA-82EE-54ECE95805DE}.Debug|x64.Build.0 = Debug|x64
		{7753502C-2D80-47FA-82EE-54ECE95805DE}.Debug|x86.ActiveCfg = Debug|Win32
		{7753502C-2D80-47FA-82EE-54ECE95805DE}.Debug|x86.Build.0 = Debug|Win32
		{7753502C-2D80-47FA-82EE-54ECE95805DE}.Release|ARM.ActiveCfg = Release|Win32
		{7753502C-2D80-47FA-82EE-54ECE95805DE}.Release|ARM64.ActiveCfg = Release|Win32
		{7753502C-2D80-47FA-82EE-54ECE95805DE}.Release|x64.ActiveCfg = Release|x64
		{7753502C-2D80-47FA-82EE-54ECE95805DE}.Release|x64.Build.0 = Release|x64
		{7753502C-2D80-47FA-82EE-54ECE95805DE}.Release|x86.ActiveCfg = Release|Win32
		{7753502C-2D80-47FA-82EE-54ECE95805DE}.Release|x86.Build.0 = Release|Win32
		{7753502C-2D80-47FA-82EE-54ECE95805DE}.Shipping|ARM.ActiveCfg = Release|x64
		{7753502C-2D80-47FA-82EE-54ECE95805DE}.Shipping|ARM.Build.0 = Release|x64
		{7753502C-2D80-47FA-82EE-54ECE95805DE}.Shipping|ARM.Deploy.0 = Release|x64
		{7753502C-2D80-47FA-82EE-54ECE95805DE}.Shipping|ARM64.ActiveCfg = Release|x64
		{7753502C-2D80-47FA-82EE-54ECE95805DE}.Shipping|ARM64.Build.0 = Release|x64
		{7753502C-2D80-47FA-82EE-54ECE95805DE}.Shipping|ARM64.Deploy.0 = Release|x64
		{7753502C-2D80-47FA-82EE-54ECE95805DE}.Shipping|x64.ActiveCfg = Release|x64
		{7753502C-2D80-47FA-82EE-54ECE95805DE}.Shipping|x64.Build.0 = Release|x64
		{7753502C-2D80-47FA-82EE-54ECE95805DE}.Shipping|x86.ActiveCfg = Release|Win32
		{7753502C-2D80-47FA-82EE-54ECE95805DE}.Shipping|x86.Build.0 = Release|Win32
		{1FAE27B0-B3EF-41DE-92B9-84F02522C81D}.Debug|ARM.ActiveCfg = Debug|Win32
		{1FAE27B0-B3EF-41DE-92B9-84F02522C81D}.Debug|ARM64.ActiveCfg = Debug|Win32
		{1FAE27B0-B3EF-41DE-92B9-84F02522C81D}.Debug|x64.ActiveCfg = Debug|x64
		{1FAE27B0-B3EF-41DE-92B9-84F02522C81D}.Debug|x64.Build.0 = Debug|x64
		{1FAE27B0-B3EF-41DE-92B9-84F02522C81D}.Debug|x86.ActiveCfg = Debug|Win32
		{1FAE27B0-B3EF-41DE-92B9-84F02522C81D}.Debug|x86.Build.0 = Debug|Win32
		{1FAE27B0-B3EF-41DE-92B9-84F02522C81D}.Release|ARM.ActiveCfg = Release|Win32
		{1FAE27B0-B3EF-41DE-92B9-84F02522C81D}.Release|ARM64.ActiveCfg = Release|Win32
		{1FAE27B0-B3EF-41DE-92B9-84F02522C81D}.Release|x64.ActiveCfg = Release|x64
		{1FAE27B0-B3EF-41DE-92B9-84F02522C81D}.Release|x64.Build.0 = Release|x64
		{1FAE27B0-B3EF-41DE-92B9-84F02522C81D}.Release|x86.ActiveCfg = Release|Win32
		{1FAE27B0-B3EF-41DE-92B9-84F02522C81D}.Release|x86.Build.0 = Release|Win32
		{1FAE27B0-B3EF-41DE-92B9-84F02522C81D}.Shipping|ARM.ActiveCfg = Release|x64
		{1FAE27B0-B3EF-41DE-92B9-84F02522C81D}.Shipping|ARM.Build.0 = Release|x64
		{1FAE27B0-B3EF-41DE-92B9-84F02522C81D}.Shipping|ARM.Deploy.0 = Release|x64
		{1FAE27B0-B3EF-41DE-92B9-84F02522C81D}.Shipping|ARM64.ActiveCfg = Release|x64
		{1FAE27B0-B3EF-41DE-92B9-84F02522C81D}.Shipping|ARM64.Build.0 = Release|x64
		{1FAE27B0-B3EF-41DE-92B9-84F02522C81D}.Shipping|ARM64.Deploy.0 = Release|x64
		{1FAE27B0-B3EF-41DE-92B9-84F02522C81D}.Shipping|x64.ActiveCfg = Release|x64
		{1FAE27B0-B3EF-41DE-92B9-84F02522C81D}.Shipping|x64.Build.0 = Release|x64
		{1FAE27B0-B3EF-41DE-92B9-84F02522C81D}.Shipping|x86.ActiveCfg = Release|Win32
		{1FAE27B0-B3EF-41DE-92B9-84F02522C81D}.Shipping|x86.Build.0 = Release|Win32
		{AC445DF9-ECAF-4143-A558-81E6675906B7}.Debug|ARM.ActiveCfg = Debug|ARM
		{AC445DF9-ECAF-4143-A558-81E6675906B7}.Debug|ARM.Build.0 = Debug|ARM
		{AC445DF9-ECAF-4143-A558-81E6675906B7}.Debug|ARM64.ActiveCfg = Debug|ARM64
		{AC445DF9-ECAF-4143-A558-81E6675906B7}.Debug|ARM64.Build.0 = Debug|ARM64
		{AC445DF9-ECAF-4143-A558-81E6675906B7}.Debug|x64.ActiveCfg = Debug|x64
		{AC445DF9-ECAF-4143-A558-81E6675906B7}.Debug|x64.Build.0 = Debug|x64
		{AC445DF9-ECAF-4143-A558-81E6675906B7}.Debug|x86.ActiveCfg = Debug|x86
		{AC445DF9-ECAF-4143-A558-81E6675906B7}.Debug|x86.Build.0 = Debug|x86
		{AC445DF9-ECAF-4143-A558-81E6675906B7}.Release|ARM.ActiveCfg = Release|ARM
		{AC445DF9-ECAF-4143-A558-81E6675906B7}.Release|ARM.Build.0 = Release|ARM
		{AC445DF9-ECAF-4143-A558-81E6675906B7}.Release|ARM64.ActiveCfg = Release|ARM64
		{AC445DF9-ECAF-4143-A558-81E6675906B7}.Release|ARM64.Build.0 = Release|ARM64
		{AC445DF9-ECAF-4143-A558-81E6675906B7}.Release|x64.ActiveCfg = Release|x64
		{AC445DF9-ECAF-4143-A558-81E6675906B7}.Release|x64.Build.0 = Release|x64
		{AC445DF9-ECAF-4143-A558-81E6675906B7}.Release|x86.ActiveCfg = Release|x86
		{AC445DF9-ECAF-4143-A558-81E6675906B7}.Release|x86.Build.0 = Release|x86
		{AC445DF9-ECAF-4143-A558-81E6675906B7}.Shipping|ARM.ActiveCfg = Release|ARM
		{AC445DF9-ECAF-4143-A558-81E6675906B7}.Shipping|ARM.Build.0 = Release|ARM
		{AC445DF9-ECAF-4143-A558-81E6675906B7}.Shipping|ARM64.ActiveCfg = Release|ARM64
		{AC445DF9-ECAF-4143-A558-81E6675906B7}.Shipping|ARM64.Build.0 = Release|ARM64
		{AC445DF9-ECAF-4143-A558-81E6675906B7}.Shipping|x64.ActiveCfg = Release|x64
		{AC445DF9-ECAF-4143-A558-81E6675906B7}.Shipping|x64.Build.0 = Release|x64
		{AC445DF9-ECAF-4143-A558-81E6675906B7}.Shipping|x86.ActiveCfg = Release|x86
		{AC445DF9-ECAF-4143-A558-81E6675906B7}.Shipping|x86.Build.0 = Release|x86
		{B4E266A6-B574-4CBA-88F2-EF6F913AA70E}.Debug|ARM.ActiveCfg = Debug|Win32
		{B4E266A6-B574-4CBA-88F2-EF6F913AA70E}.Debug|ARM64.ActiveCfg = Debug|Win32
		{B4E266A6-B574-4CBA-88F2-EF6F913AA70E}.Debug|x64.ActiveCfg = Debug|x64
		{B4E266A6-B574-4CBA-88F2-EF6F913AA70E}.Debug|x64.Build.0 = Debug|x64
		{B4E266A6-B574-4CBA-88F2-EF6F913AA70E}.Debug|x86.ActiveCfg = Debug|Win32
		{B4E266A6-B574-4CBA-88F2-EF6F913AA70E}.Debug|x86.Build.0 = Debug|Win32
		{B4E266A6-B574-4CBA-88F2-EF6F913AA70E}.Release|ARM.ActiveCfg = Release|Win32
		{B4E266A6-B574-4CBA-88F2-EF6F913AA70E}.Release|ARM64.ActiveCfg = Release|Win32
		{B4E266A6-B574-4CBA-88F2-EF6F913AA70E}.Release|x64.ActiveCfg = Release|x64
		{B4E266A6-B574-4CBA-88F2-EF6F913AA70E}.Release|x64.Build.0 = Release|x64
		{B4E266A6-B574-4CBA-88F2-EF6F913AA70E}.Release|x86.ActiveCfg = Release|Win32
		{B4E266A6-B574-4CBA-88F2-EF6F913AA70E}.Release|x86.Build.0 = Release|Win32
		{B4E266A6-B574-4CBA-88F2-EF6F913AA70E}.Shipping|ARM.ActiveCfg = Release|x64
		{B4E266A6-B574-4CBA-88F2-EF6F913AA70E}.Shipping|ARM.Build.0 = Release|x64
		{B4E266A6-B574-4CBA-88F2-EF6F913AA70E}.Shipping|ARM64.ActiveCfg = Release|x64
		{B4E266A6-B574-4CBA-88F2-EF6F913AA70E}.Shipping|ARM64.Build.0 = Release|x64
		{B4E266A6-B574-4CBA-88F2-EF6F913AA70E}.Shipping|x64.ActiveCfg = Release|x64
		{B4E266A6-B574-4CBA-88F2-EF6F913AA70E}.Shipping|x64.Build.0 = Release|x64
		{B4E266A6-B574-4CBA-88F2-EF6F913AA70E}.Shipping|x86.ActiveCfg = Release|Win32
		{B4E266A6-B574-4CBA-88F2-EF6F913AA70E}.Shipping|x86.Build.0 = Release|Win32
		{6DAADCE1-7654-4AF0-808C-4B45F989001D}.Debug|ARM.ActiveCfg = Debug|Win32
		{6DAADCE1-7654-4AF0-808C-4B45F989001D}.Debug|ARM64.ActiveCfg = Debug|Win32
		{6DAADCE1-7654-4AF0-808C-4B45F989001D}.Debug|x64.ActiveCfg = Debug|x64
		{6DAADCE1-7654-4AF0-808C-4B45F989001D}.Debug|x64.Build.0 = Debug|x64
		{6DAADCE1-7654-4AF0-808C-4B45F989001D}.Debug|x86.ActiveCfg = Debug|Win32
		{6DAADCE1-7654-4AF0-808C-4B45F989001D}.Debug|x86.Build.0 = Debug|Win32
		{6DAADCE1-7654-4AF0-808C-4B45F989001D}.Release|ARM.ActiveCfg = Release|Win32
		{6DAADCE1-7654-4AF0-808C-4B45F989001D}.Release|ARM64.ActiveCfg = Release|Win32
		{6DAADCE1-7654-4AF0-808C-4B45F989001D}.Release|x64.ActiveCfg = Release|x64
		{6DAADCE1-7654-4AF0-808C-4B45F989001D}.Release|x64.Build.0 = Release|x64
		{6DAADCE1-7654-4AF0-808C-4B45F989001D}.Release|x86.ActiveCfg = Release|Win32
		{6DAADCE1-7654-4AF0-808C-4B45F989001D}.Release|x86.Build.0 = Release|Win32
		{6DAADCE1-7654-4AF0-808C-4B45F989001D}.Shipping|ARM.ActiveCfg = Release|x64
		{6DAADCE1-7654-4AF0-808C-4B45F989001D}.Shipping|ARM.Build.0 = Release|x64
		{6DAADCE1-7654-4AF0-808C-4B45F989001D}.Shipping|ARM64.ActiveCfg = Release|x64
		{6DAADCE1-7654-4AF0-808C-4B45F989001D}.Shipping|ARM64.Build.0 = Release|x64
		{6DAADCE1-7654-4AF0-808C-4B45F989001D}.Shipping|x64.ActiveCfg = Release|x64
		{6DAADCE1-7654-4AF0-808C-4B45F989001D}.Shipping|x64.Build.0 = Release|x64
		{6DAADCE1-7654-4AF0-808C-4B45F989001D}.Shipping|x86.ActiveCfg = Release|Win32
		{6DAADCE1-7654-4AF0-808C-4B45F989001D}.Shipping|x86.Build.0 = Release|Win32
		{3478ED96-EECF-4809-91C6-760F3BD40D52}.Debug|ARM.ActiveCfg = Debug|ARM
		{3478ED96-EECF-4809-91C6-760F3BD40D52}.Debug|ARM.Build.0 = Debug|ARM
		{3478ED96-EECF-4809-91C6-760F3BD40D52}.Debug|ARM.Deploy.0 = Debug|ARM
		{3478ED96-EECF-4809-91C6-760F3BD40D52}.Debug|ARM64.ActiveCfg = Debug|ARM64
		{3478ED96-EECF-4809-91C6-760F3BD40D52}.Debug|ARM64.Build.0 = Debug|ARM64
		{3478ED96-EECF-4809-91C6-760F3BD40D52}.Debug|ARM64.Deploy.0 = Debug|ARM64
		{3478ED96-EECF-4809-91C6-760F3BD40D52}.Debug|x64.ActiveCfg = Debug|x64
		{3478ED96-EECF-4809-91C6-760F3BD40D52}.Debug|x64.Build.0 = Debug|x64
		{3478ED96-EECF-4809-91C6-760F3BD40D52}.Debug|x64.Deploy.0 = Debug|x64
		{3478ED96-EECF-4809-91C6-760F3BD40D52}.Debug|x86.ActiveCfg = Debug|x86
		{3478ED96-EECF-4809-91C6-760F3BD40D52}.Debug|x86.Build.0 = Debug|x86
		{3478ED96-EECF-4809-91C6-760F3BD40D52}.Debug|x86.Deploy.0 = Debug|x86
		{3478ED96-EECF-4809-91C6-760F3BD40D52}.Release|ARM.ActiveCfg = Release|ARM
		{3478ED96-EECF-4809-91C6-760F3BD40D52}.Release|ARM.Build.0 = Release|ARM
		{3478ED96-EECF-4809-91C6-760F3BD40D52}.Release|ARM.Deploy.0 = Release|ARM
		{3478ED96-EECF-4809-91C6-760F3BD40D52}.Release|ARM64.ActiveCfg = Release|ARM64
		{3478ED96-EECF-4809-91C6-760F3BD40D52}.Release|ARM64.Build.0 = Release|ARM64
		{3478ED96-EECF-4809-91C6-760F3BD40D52}.Release|ARM64.Deploy.0 = Release|ARM64
		{3478ED96-EECF-4809-91C6-760F3BD40D52}.Release|x64.ActiveCfg = Release|x64
		{3478ED96-EECF-4809-91C6-760F3BD40D52}.Release|x64.Build.0 = Release|x64
		{3478ED96-EECF-4809-91C6-760F3BD40D52}.Release|x64.Deploy.0 = Release|x64
		{3478ED96-EECF-4809-91C6-760F3BD40D52}.Release|x86.ActiveCfg = Release|x86
		{3478ED96-EECF-4809-91C6-760F3BD40D52}.Release|x86.Build.0 = Release|x86
		{3478ED96-EECF-4809-91C6-760F3BD40D52}.Release|x86.Deploy.0 = Release|x86
		{3478ED96-EECF-4809-91C6-760F3BD40D52}.Shipping|ARM.ActiveCfg = Release|ARM
		{3478ED96-EECF-4809-91C6-760F3BD40D52}.Shipping|ARM.Build.0 = Release|ARM
		{3478ED96-EECF-4809-91C6-760F3BD40D52}.Shipping|ARM.Deploy.0 = Release|ARM
		{3478ED96-EECF-4809-91C6-760F3BD40D52}.Shipping|ARM64.ActiveCfg = Release|ARM64
		{3478ED96-EECF-4809-91C6-760F3BD40D52}.Shipping|ARM64.Build.0 = Release|ARM64
		{3478ED96-EECF-4809-91C6-760F3BD40D52}.Shipping|ARM64.Deploy.0 = Release|ARM64
		{3478ED96-EECF-4809-91C6-760F3BD40D52}.Shipping|x64.ActiveCfg = Release|x64
		{3478ED96-EECF-4809-91C6-760F3BD40D52}.Shipping|x64.Build.0 = Release|x64
		{3478ED96-EECF-4809-91C6-760F3BD40D52}.Shipping|x64.Deploy.0 = Release|x64
		{3478ED96-EECF-4809-91C6-760F3BD40D52}.Shipping|x86.ActiveCfg = Release|x86
		{3478ED96-EECF-4809-91C6-760F3BD40D52}.Shipping|x86.Build.0 = Release|x86
		{3478ED96-EECF-4809-91C6-760F3BD40D52}.Shipping|x86.Deploy.0 = Release|x86
		{1DE1D92D-54E9-4732-BE82-F7AF0C922C84}.Debug|ARM.ActiveCfg = Debug|ARM
		{1DE1D92D-54E9-4732-BE82-F7AF0C922C84}.Debug|ARM.Build.0 = Debug|ARM
		{1DE1D92D-54E9-4732-BE82-F7AF0C922C84}.Debug|ARM64.ActiveCfg = Debug|ARM64
		{1DE1D92D-54E9-4732-BE82-F7AF0C922C84}.Debug|ARM64.Build.0 = Debug|ARM64
		{1DE1D92D-54E9-4732-BE82-F7AF0C922C84}.Debug|x64.ActiveCfg = Debug|x64
		{1DE1D92D-54E9-4732-BE82-F7AF0C922C84}.Debug|x64.Build.0 = Debug|x64
		{1DE1D92D-54E9-4732-BE82-F7AF0C922C84}.Debug|x86.ActiveCfg = Debug|x86
		{1DE1D92D-54E9-4732-BE82-F7AF0C922C84}.Debug|x86.Build.0 = Debug|x86
		{1DE1D92D-54E9-4732-BE82-F7AF0C922C84}.Release|ARM.ActiveCfg = Release|ARM
		{1DE1D92D-54E9-4732-BE82-F7AF0C922C84}.Release|ARM.Build.0 = Release|ARM
		{1DE1D92D-54E9-4732-BE82-F7AF0C922C84}.Release|ARM64.ActiveCfg = Release|ARM64
		{1DE1D92D-54E9-4732-BE82-F7AF0C922C84}.Release|ARM64.Build.0 = Release|ARM64
		{1DE1D92D-54E9-4732-BE82-F7AF0C922C84}.Release|x64.ActiveCfg = Release|x64
		{1DE1D92D-54E9-4732-BE82-F7AF0C922C84}.Release|x64.Build.0 = Release|x64
		{1DE1D92D-54E9-4732-BE82-F7AF0C922C84}.Release|x86.ActiveCfg = Release|x86
		{1DE1D92D-54E9-4732-BE82-F7AF0C922C84}.Release|x86.Build.0 = Release|x86
		{1DE1D92D-54E9-4732-BE82-F7AF0C922C84}.Shipping|ARM.ActiveCfg = Release|ARM
		{1DE1D92D-54E9-4732-BE82-F7AF0C922C84}.Shipping|ARM.Build.0 = Release|ARM
		{1DE1D92D-54E9-4732-BE82-F7AF0C922C84}.Shipping|ARM64.ActiveCfg = Release|ARM64
		{1DE1D92D-54E9-4732-BE82-F7AF0C922C84}.Shipping|ARM64.Build.0 = Release|ARM64
		{1DE1D92D-54E9-4732-BE82-F7AF0C922C84}.Shipping|x64.ActiveCfg = Release|x64
		{1DE1D92D-54E9-4732-BE82-F7AF0C922C84}.Shipping|x64.Build.0 = Release|x64
		{1DE1D92D-54E9-4732-BE82-F7AF0C922C84}.Shipping|x86.ActiveCfg = Release|x86
		{1DE1D92D-54E9-4732-BE82-F7AF0C922C84}.Shipping|x86.Build.0 = Release|x86
	EndGlobalSection
	GlobalSection(SolutionProperties) = preSolution
		HideSolutionNode = FALSE
	EndGlobalSection
EndGlobal
