
Microsoft Visual Studio Solution File, Format Version 12.00
# Visual Studio 14
VisualStudioVersion = 14.0.25420.1
MinimumVisualStudioVersion = 10.0.40219.1
Project("{8BC9CEB8-8B4A-11D0-8D11-00A0C91BC942}") = "Core", "Core\Core.vcxproj", "{CDB20F4C-0F5C-43C1-8165-569F68720BDF}"
EndProject
Project("{8BC9CEB8-8B4A-11D0-8D11-00A0C91BC942}") = "Sandbox", "Sandbox\Sandbox.vcxproj", "{7753502C-2D80-47FA-82EE-54ECE95805DE}"
	ProjectSection(ProjectDependencies) = postProject
		{CDB20F4C-0F5C-43C1-8165-569F68720BDF} = {CDB20F4C-0F5C-43C1-8165-569F68720BDF}
	EndProjectSection
EndProject
Project("{8BC9CEB8-8B4A-11D0-8D11-00A0C91BC942}") = "Sandbox-Linux", "Sandbox-Linux\Sandbox-Linux.vcxproj", "{A26683CF-B572-4811-BE43-53831EBEE71A}"
EndProject
Project("{8BC9CEB8-8B4A-11D0-8D11-00A0C91BC942}") = "Core-Android", "Core-Android\Core-Android.vcxproj", "{CA77759E-E1CC-453A-B45E-2E49F242416F}"
EndProject
Project("{8BC9CEB8-8B4A-11D0-8D11-00A0C91BC942}") = "Core-WebGL", "Core-WebGL\Core-WebGL.vcxproj", "{2B2D61D4-F8EA-471E-8882-36B5905BC063}"
EndProject
Project("{8BC9CEB8-8B4A-11D0-8D11-00A0C91BC942}") = "Sandbox-WebGL", "Sandbox-WebGL\Sandbox-WebGL.vcxproj", "{F007E29A-45E1-4B9C-8837-639E46DD6E40}"
EndProject
Project("{8BC9CEB8-8B4A-11D0-8D11-00A0C91BC942}") = "Core-Linux", "Core-Linux\Core-Linux.vcxproj", "{6693C31C-1E8A-439C-8602-E51B584DFA14}"
EndProject
Project("{8BC9CEB8-8B4A-11D0-8D11-00A0C91BC942}") = "Editor", "Editor\Editor.vcxproj", "{1FAE27B0-B3EF-41DE-92B9-84F02522C81D}"
	ProjectSection(ProjectDependencies) = postProject
		{CDB20F4C-0F5C-43C1-8165-569F68720BDF} = {CDB20F4C-0F5C-43C1-8165-569F68720BDF}
	EndProjectSection
EndProject
Project("{8BC9CEB8-8B4A-11D0-8D11-00A0C91BC942}") = "Sandbox_Android", "Sandbox_Android\Sandbox_Android.vcxproj", "{B257C5D6-96AA-4892-900C-F06A910029A0}"
	ProjectSection(ProjectDependencies) = postProject
		{CA77759E-E1CC-453A-B45E-2E49F242416F} = {CA77759E-E1CC-453A-B45E-2E49F242416F}
	EndProjectSection
EndProject
Global
	GlobalSection(SolutionConfigurationPlatforms) = preSolution
		Debug|Tegra-Android = Debug|Tegra-Android
		Debug|x64 = Debug|x64
		Debug|x86 = Debug|x86
		Release|Tegra-Android = Release|Tegra-Android
		Release|x64 = Release|x64
		Release|x86 = Release|x86
		Shipping|Tegra-Android = Shipping|Tegra-Android
		Shipping|x64 = Shipping|x64
		Shipping|x86 = Shipping|x86
	EndGlobalSection
	GlobalSection(ProjectConfigurationPlatforms) = postSolution
		{CDB20F4C-0F5C-43C1-8165-569F68720BDF}.Debug|Tegra-Android.ActiveCfg = Debug|Win32
		{CDB20F4C-0F5C-43C1-8165-569F68720BDF}.Debug|x64.ActiveCfg = Debug|x64
		{CDB20F4C-0F5C-43C1-8165-569F68720BDF}.Debug|x64.Build.0 = Debug|x64
		{CDB20F4C-0F5C-43C1-8165-569F68720BDF}.Debug|x86.ActiveCfg = Debug|Win32
		{CDB20F4C-0F5C-43C1-8165-569F68720BDF}.Debug|x86.Build.0 = Debug|Win32
		{CDB20F4C-0F5C-43C1-8165-569F68720BDF}.Release|Tegra-Android.ActiveCfg = Release|Win32
		{CDB20F4C-0F5C-43C1-8165-569F68720BDF}.Release|x64.ActiveCfg = Release|x64
		{CDB20F4C-0F5C-43C1-8165-569F68720BDF}.Release|x64.Build.0 = Release|x64
		{CDB20F4C-0F5C-43C1-8165-569F68720BDF}.Release|x86.ActiveCfg = Release|Win32
		{CDB20F4C-0F5C-43C1-8165-569F68720BDF}.Release|x86.Build.0 = Release|Win32
		{CDB20F4C-0F5C-43C1-8165-569F68720BDF}.Shipping|Tegra-Android.ActiveCfg = Release|x64
		{CDB20F4C-0F5C-43C1-8165-569F68720BDF}.Shipping|Tegra-Android.Build.0 = Release|x64
		{CDB20F4C-0F5C-43C1-8165-569F68720BDF}.Shipping|x64.ActiveCfg = Release|x64
		{CDB20F4C-0F5C-43C1-8165-569F68720BDF}.Shipping|x64.Build.0 = Release|x64
		{CDB20F4C-0F5C-43C1-8165-569F68720BDF}.Shipping|x86.ActiveCfg = Release|Win32
		{CDB20F4C-0F5C-43C1-8165-569F68720BDF}.Shipping|x86.Build.0 = Release|Win32
		{7753502C-2D80-47FA-82EE-54ECE95805DE}.Debug|Tegra-Android.ActiveCfg = Debug|Win32
		{7753502C-2D80-47FA-82EE-54ECE95805DE}.Debug|x64.ActiveCfg = Debug|x64
		{7753502C-2D80-47FA-82EE-54ECE95805DE}.Debug|x64.Build.0 = Debug|x64
		{7753502C-2D80-47FA-82EE-54ECE95805DE}.Debug|x86.ActiveCfg = Debug|Win32
		{7753502C-2D80-47FA-82EE-54ECE95805DE}.Debug|x86.Build.0 = Debug|Win32
		{7753502C-2D80-47FA-82EE-54ECE95805DE}.Release|Tegra-Android.ActiveCfg = Release|Win32
		{7753502C-2D80-47FA-82EE-54ECE95805DE}.Release|x64.ActiveCfg = Release|x64
		{7753502C-2D80-47FA-82EE-54ECE95805DE}.Release|x64.Build.0 = Release|x64
		{7753502C-2D80-47FA-82EE-54ECE95805DE}.Release|x86.ActiveCfg = Release|Win32
		{7753502C-2D80-47FA-82EE-54ECE95805DE}.Release|x86.Build.0 = Release|Win32
		{7753502C-2D80-47FA-82EE-54ECE95805DE}.Shipping|Tegra-Android.ActiveCfg = Release|x64
		{7753502C-2D80-47FA-82EE-54ECE95805DE}.Shipping|Tegra-Android.Build.0 = Release|x64
		{7753502C-2D80-47FA-82EE-54ECE95805DE}.Shipping|x64.ActiveCfg = Release|x64
		{7753502C-2D80-47FA-82EE-54ECE95805DE}.Shipping|x64.Build.0 = Release|x64
		{7753502C-2D80-47FA-82EE-54ECE95805DE}.Shipping|x86.ActiveCfg = Release|Win32
		{7753502C-2D80-47FA-82EE-54ECE95805DE}.Shipping|x86.Build.0 = Release|Win32
		{A26683CF-B572-4811-BE43-53831EBEE71A}.Debug|Tegra-Android.ActiveCfg = Debug|x86
		{A26683CF-B572-4811-BE43-53831EBEE71A}.Debug|x64.ActiveCfg = Debug|x64
		{A26683CF-B572-4811-BE43-53831EBEE71A}.Debug|x64.Build.0 = Debug|x64
		{A26683CF-B572-4811-BE43-53831EBEE71A}.Debug|x86.ActiveCfg = Debug|x86
		{A26683CF-B572-4811-BE43-53831EBEE71A}.Debug|x86.Build.0 = Debug|x86
		{A26683CF-B572-4811-BE43-53831EBEE71A}.Release|Tegra-Android.ActiveCfg = Release|x86
		{A26683CF-B572-4811-BE43-53831EBEE71A}.Release|x64.ActiveCfg = Release|x64
		{A26683CF-B572-4811-BE43-53831EBEE71A}.Release|x64.Build.0 = Release|x64
		{A26683CF-B572-4811-BE43-53831EBEE71A}.Release|x86.ActiveCfg = Release|x86
		{A26683CF-B572-4811-BE43-53831EBEE71A}.Release|x86.Build.0 = Release|x86
		{A26683CF-B572-4811-BE43-53831EBEE71A}.Shipping|Tegra-Android.ActiveCfg = Release|x86
		{A26683CF-B572-4811-BE43-53831EBEE71A}.Shipping|Tegra-Android.Build.0 = Release|x86
		{A26683CF-B572-4811-BE43-53831EBEE71A}.Shipping|x64.ActiveCfg = Release|x64
		{A26683CF-B572-4811-BE43-53831EBEE71A}.Shipping|x64.Build.0 = Release|x64
		{A26683CF-B572-4811-BE43-53831EBEE71A}.Shipping|x86.ActiveCfg = Release|x86
		{A26683CF-B572-4811-BE43-53831EBEE71A}.Shipping|x86.Build.0 = Release|x86
		{CA77759E-E1CC-453A-B45E-2E49F242416F}.Debug|Tegra-Android.ActiveCfg = Debug|Tegra-Android
		{CA77759E-E1CC-453A-B45E-2E49F242416F}.Debug|Tegra-Android.Build.0 = Debug|Tegra-Android
		{CA77759E-E1CC-453A-B45E-2E49F242416F}.Debug|x64.ActiveCfg = Debug|Tegra-Android
		{CA77759E-E1CC-453A-B45E-2E49F242416F}.Debug|x86.ActiveCfg = Debug|Tegra-Android
		{CA77759E-E1CC-453A-B45E-2E49F242416F}.Release|Tegra-Android.ActiveCfg = Release|Tegra-Android
		{CA77759E-E1CC-453A-B45E-2E49F242416F}.Release|Tegra-Android.Build.0 = Release|Tegra-Android
		{CA77759E-E1CC-453A-B45E-2E49F242416F}.Release|x64.ActiveCfg = Release|Tegra-Android
		{CA77759E-E1CC-453A-B45E-2E49F242416F}.Release|x86.ActiveCfg = Release|Tegra-Android
		{CA77759E-E1CC-453A-B45E-2E49F242416F}.Shipping|Tegra-Android.ActiveCfg = Shipping|Tegra-Android
		{CA77759E-E1CC-453A-B45E-2E49F242416F}.Shipping|Tegra-Android.Build.0 = Shipping|Tegra-Android
		{CA77759E-E1CC-453A-B45E-2E49F242416F}.Shipping|x64.ActiveCfg = Shipping|Tegra-Android
		{CA77759E-E1CC-453A-B45E-2E49F242416F}.Shipping|x86.ActiveCfg = Shipping|Tegra-Android
		{2B2D61D4-F8EA-471E-8882-36B5905BC063}.Debug|Tegra-Android.ActiveCfg = Debug|Win32
		{2B2D61D4-F8EA-471E-8882-36B5905BC063}.Debug|x64.ActiveCfg = Debug|x64
		{2B2D61D4-F8EA-471E-8882-36B5905BC063}.Debug|x64.Build.0 = Debug|x64
		{2B2D61D4-F8EA-471E-8882-36B5905BC063}.Debug|x86.ActiveCfg = Debug|Win32
		{2B2D61D4-F8EA-471E-8882-36B5905BC063}.Debug|x86.Build.0 = Debug|Win32
		{2B2D61D4-F8EA-471E-8882-36B5905BC063}.Release|Tegra-Android.ActiveCfg = Release|Win32
		{2B2D61D4-F8EA-471E-8882-36B5905BC063}.Release|x64.ActiveCfg = Release|x64
		{2B2D61D4-F8EA-471E-8882-36B5905BC063}.Release|x64.Build.0 = Release|x64
		{2B2D61D4-F8EA-471E-8882-36B5905BC063}.Release|x86.ActiveCfg = Release|Win32
		{2B2D61D4-F8EA-471E-8882-36B5905BC063}.Release|x86.Build.0 = Release|Win32
		{2B2D61D4-F8EA-471E-8882-36B5905BC063}.Shipping|Tegra-Android.ActiveCfg = Release|x64
		{2B2D61D4-F8EA-471E-8882-36B5905BC063}.Shipping|Tegra-Android.Build.0 = Release|x64
		{2B2D61D4-F8EA-471E-8882-36B5905BC063}.Shipping|x64.ActiveCfg = Release|x64
		{2B2D61D4-F8EA-471E-8882-36B5905BC063}.Shipping|x64.Build.0 = Release|x64
		{2B2D61D4-F8EA-471E-8882-36B5905BC063}.Shipping|x86.ActiveCfg = Release|Win32
		{2B2D61D4-F8EA-471E-8882-36B5905BC063}.Shipping|x86.Build.0 = Release|Win32
		{F007E29A-45E1-4B9C-8837-639E46DD6E40}.Debug|Tegra-Android.ActiveCfg = Debug|Win32
		{F007E29A-45E1-4B9C-8837-639E46DD6E40}.Debug|x64.ActiveCfg = Debug|x64
		{F007E29A-45E1-4B9C-8837-639E46DD6E40}.Debug|x64.Build.0 = Debug|x64
		{F007E29A-45E1-4B9C-8837-639E46DD6E40}.Debug|x86.ActiveCfg = Debug|Win32
		{F007E29A-45E1-4B9C-8837-639E46DD6E40}.Debug|x86.Build.0 = Debug|Win32
		{F007E29A-45E1-4B9C-8837-639E46DD6E40}.Release|Tegra-Android.ActiveCfg = Release|Win32
		{F007E29A-45E1-4B9C-8837-639E46DD6E40}.Release|x64.ActiveCfg = Release|x64
		{F007E29A-45E1-4B9C-8837-639E46DD6E40}.Release|x64.Build.0 = Release|x64
		{F007E29A-45E1-4B9C-8837-639E46DD6E40}.Release|x86.ActiveCfg = Release|Win32
		{F007E29A-45E1-4B9C-8837-639E46DD6E40}.Release|x86.Build.0 = Release|Win32
		{F007E29A-45E1-4B9C-8837-639E46DD6E40}.Shipping|Tegra-Android.ActiveCfg = Release|x64
		{F007E29A-45E1-4B9C-8837-639E46DD6E40}.Shipping|Tegra-Android.Build.0 = Release|x64
		{F007E29A-45E1-4B9C-8837-639E46DD6E40}.Shipping|x64.ActiveCfg = Release|x64
		{F007E29A-45E1-4B9C-8837-639E46DD6E40}.Shipping|x64.Build.0 = Release|x64
		{F007E29A-45E1-4B9C-8837-639E46DD6E40}.Shipping|x86.ActiveCfg = Release|Win32
		{F007E29A-45E1-4B9C-8837-639E46DD6E40}.Shipping|x86.Build.0 = Release|Win32
		{6693C31C-1E8A-439C-8602-E51B584DFA14}.Debug|Tegra-Android.ActiveCfg = Debug|x86
		{6693C31C-1E8A-439C-8602-E51B584DFA14}.Debug|x64.ActiveCfg = Debug|x64
		{6693C31C-1E8A-439C-8602-E51B584DFA14}.Debug|x64.Build.0 = Debug|x64
		{6693C31C-1E8A-439C-8602-E51B584DFA14}.Debug|x86.ActiveCfg = Debug|x86
		{6693C31C-1E8A-439C-8602-E51B584DFA14}.Debug|x86.Build.0 = Debug|x86
		{6693C31C-1E8A-439C-8602-E51B584DFA14}.Release|Tegra-Android.ActiveCfg = Release|x86
		{6693C31C-1E8A-439C-8602-E51B584DFA14}.Release|x64.ActiveCfg = Release|x64
		{6693C31C-1E8A-439C-8602-E51B584DFA14}.Release|x64.Build.0 = Release|x64
		{6693C31C-1E8A-439C-8602-E51B584DFA14}.Release|x86.ActiveCfg = Release|x86
		{6693C31C-1E8A-439C-8602-E51B584DFA14}.Release|x86.Build.0 = Release|x86
		{6693C31C-1E8A-439C-8602-E51B584DFA14}.Shipping|Tegra-Android.ActiveCfg = Release|x86
		{6693C31C-1E8A-439C-8602-E51B584DFA14}.Shipping|Tegra-Android.Build.0 = Release|x86
		{6693C31C-1E8A-439C-8602-E51B584DFA14}.Shipping|x64.ActiveCfg = Release|x64
		{6693C31C-1E8A-439C-8602-E51B584DFA14}.Shipping|x64.Build.0 = Release|x64
		{6693C31C-1E8A-439C-8602-E51B584DFA14}.Shipping|x86.ActiveCfg = Release|x86
		{6693C31C-1E8A-439C-8602-E51B584DFA14}.Shipping|x86.Build.0 = Release|x86
		{1FAE27B0-B3EF-41DE-92B9-84F02522C81D}.Debug|Tegra-Android.ActiveCfg = Debug|Win32
		{1FAE27B0-B3EF-41DE-92B9-84F02522C81D}.Debug|x64.ActiveCfg = Debug|x64
		{1FAE27B0-B3EF-41DE-92B9-84F02522C81D}.Debug|x64.Build.0 = Debug|x64
		{1FAE27B0-B3EF-41DE-92B9-84F02522C81D}.Debug|x86.ActiveCfg = Debug|Win32
		{1FAE27B0-B3EF-41DE-92B9-84F02522C81D}.Debug|x86.Build.0 = Debug|Win32
		{1FAE27B0-B3EF-41DE-92B9-84F02522C81D}.Release|Tegra-Android.ActiveCfg = Release|Win32
		{1FAE27B0-B3EF-41DE-92B9-84F02522C81D}.Release|x64.ActiveCfg = Release|x64
		{1FAE27B0-B3EF-41DE-92B9-84F02522C81D}.Release|x64.Build.0 = Release|x64
		{1FAE27B0-B3EF-41DE-92B9-84F02522C81D}.Release|x86.ActiveCfg = Release|Win32
		{1FAE27B0-B3EF-41DE-92B9-84F02522C81D}.Release|x86.Build.0 = Release|Win32
		{1FAE27B0-B3EF-41DE-92B9-84F02522C81D}.Shipping|Tegra-Android.ActiveCfg = Release|x64
		{1FAE27B0-B3EF-41DE-92B9-84F02522C81D}.Shipping|Tegra-Android.Build.0 = Release|x64
		{1FAE27B0-B3EF-41DE-92B9-84F02522C81D}.Shipping|x64.ActiveCfg = Release|x64
		{1FAE27B0-B3EF-41DE-92B9-84F02522C81D}.Shipping|x64.Build.0 = Release|x64
		{1FAE27B0-B3EF-41DE-92B9-84F02522C81D}.Shipping|x86.ActiveCfg = Release|Win32
		{1FAE27B0-B3EF-41DE-92B9-84F02522C81D}.Shipping|x86.Build.0 = Release|Win32
		{B257C5D6-96AA-4892-900C-F06A910029A0}.Debug|Tegra-Android.ActiveCfg = Debug|Tegra-Android
		{B257C5D6-96AA-4892-900C-F06A910029A0}.Debug|Tegra-Android.Build.0 = Debug|Tegra-Android
		{B257C5D6-96AA-4892-900C-F06A910029A0}.Debug|x64.ActiveCfg = Debug|Tegra-Android
		{B257C5D6-96AA-4892-900C-F06A910029A0}.Debug|x86.ActiveCfg = Debug|Tegra-Android
		{B257C5D6-96AA-4892-900C-F06A910029A0}.Release|Tegra-Android.ActiveCfg = Release|Tegra-Android
		{B257C5D6-96AA-4892-900C-F06A910029A0}.Release|Tegra-Android.Build.0 = Release|Tegra-Android
		{B257C5D6-96AA-4892-900C-F06A910029A0}.Release|x64.ActiveCfg = Release|Tegra-Android
		{B257C5D6-96AA-4892-900C-F06A910029A0}.Release|x86.ActiveCfg = Release|Tegra-Android
		{B257C5D6-96AA-4892-900C-F06A910029A0}.Shipping|Tegra-Android.ActiveCfg = Shipping|Tegra-Android
		{B257C5D6-96AA-4892-900C-F06A910029A0}.Shipping|Tegra-Android.Build.0 = Shipping|Tegra-Android
		{B257C5D6-96AA-4892-900C-F06A910029A0}.Shipping|x64.ActiveCfg = Shipping|Tegra-Android
		{B257C5D6-96AA-4892-900C-F06A910029A0}.Shipping|x86.ActiveCfg = Shipping|Tegra-Android
	EndGlobalSection
	GlobalSection(SolutionProperties) = preSolution
		HideSolutionNode = FALSE
	EndGlobalSection
EndGlobal
