
Microsoft Visual Studio Solution File, Format Version 12.00
# Visual Studio 14
VisualStudioVersion = 14.0.25420.1
MinimumVisualStudioVersion = 10.0.40219.1
Project("{8BC9CEB8-8B4A-11D0-8D11-00A0C91BC942}") = "Core", "Core\Core.vcxproj", "{CDB20F4C-0F5C-43C1-8165-569F68720BDF}"
EndProject
Project("{8BC9CEB8-8B4A-11D0-8D11-00A0C91BC942}") = "Sandbox", "Sandbox\Sandbox.vcxproj", "{7753502C-2D80-47FA-82EE-54ECE95805DE}"
EndProject
Project("{8BC9CEB8-8B4A-11D0-8D11-00A0C91BC942}") = "Core-Linux", "Core-Linux\Core-Linux.vcxproj", "{5A670711-FA5D-4F9B-9DD2-2E931C7E1D64}"
EndProject
Project("{8BC9CEB8-8B4A-11D0-8D11-00A0C91BC942}") = "Sandbox-Linux", "Sandbox-Linux\Sandbox-Linux.vcxproj", "{A26683CF-B572-4811-BE43-53831EBEE71A}"
EndProject
Project("{8BC9CEB8-8B4A-11D0-8D11-00A0C91BC942}") = "Core-Android", "Core-Android\Core-Android.vcxproj", "{CA77759E-E1CC-453A-B45E-2E49F242416F}"
EndProject
Project("{8BC9CEB8-8B4A-11D0-8D11-00A0C91BC942}") = "Sandbox-Android", "Sandbox-Android\Sandbox-Android.vcxproj", "{54342271-7ACF-4E57-A06E-CF0980E8EF2F}"
EndProject
Project("{8BC9CEB8-8B4A-11D0-8D11-00A0C91BC942}") = "Core-WebGL", "Core-WebGL\Core-WebGL.vcxproj", "{2B2D61D4-F8EA-471E-8882-36B5905BC063}"
EndProject
Project("{8BC9CEB8-8B4A-11D0-8D11-00A0C91BC942}") = "Sandbox-WebGL", "Sandbox-WebGL\Sandbox-WebGL.vcxproj", "{F007E29A-45E1-4B9C-8837-639E46DD6E40}"
EndProject
Global
	GlobalSection(SolutionConfigurationPlatforms) = preSolution
		Debug|ARM = Debug|ARM
		Debug|Tegra-Android = Debug|Tegra-Android
		Debug|x64 = Debug|x64
		Debug|x86 = Debug|x86
		Release|ARM = Release|ARM
		Release|Tegra-Android = Release|Tegra-Android
		Release|x64 = Release|x64
		Release|x86 = Release|x86
		Shipping|ARM = Shipping|ARM
		Shipping|Tegra-Android = Shipping|Tegra-Android
		Shipping|x64 = Shipping|x64
		Shipping|x86 = Shipping|x86
	EndGlobalSection
	GlobalSection(ProjectConfigurationPlatforms) = postSolution
		{CDB20F4C-0F5C-43C1-8165-569F68720BDF}.Debug|ARM.ActiveCfg = Debug|Win32
		{CDB20F4C-0F5C-43C1-8165-569F68720BDF}.Debug|Tegra-Android.ActiveCfg = Debug|Win32
		{CDB20F4C-0F5C-43C1-8165-569F68720BDF}.Debug|x64.ActiveCfg = Debug|x64
		{CDB20F4C-0F5C-43C1-8165-569F68720BDF}.Debug|x64.Build.0 = Debug|x64
		{CDB20F4C-0F5C-43C1-8165-569F68720BDF}.Debug|x86.ActiveCfg = Debug|Win32
		{CDB20F4C-0F5C-43C1-8165-569F68720BDF}.Debug|x86.Build.0 = Debug|Win32
		{CDB20F4C-0F5C-43C1-8165-569F68720BDF}.Release|ARM.ActiveCfg = Release|Win32
		{CDB20F4C-0F5C-43C1-8165-569F68720BDF}.Release|Tegra-Android.ActiveCfg = Release|Win32
		{CDB20F4C-0F5C-43C1-8165-569F68720BDF}.Release|x64.ActiveCfg = Release|x64
		{CDB20F4C-0F5C-43C1-8165-569F68720BDF}.Release|x64.Build.0 = Release|x64
		{CDB20F4C-0F5C-43C1-8165-569F68720BDF}.Release|x86.ActiveCfg = Release|Win32
		{CDB20F4C-0F5C-43C1-8165-569F68720BDF}.Release|x86.Build.0 = Release|Win32
		{CDB20F4C-0F5C-43C1-8165-569F68720BDF}.Shipping|ARM.ActiveCfg = Release|x64
		{CDB20F4C-0F5C-43C1-8165-569F68720BDF}.Shipping|ARM.Build.0 = Release|x64
		{CDB20F4C-0F5C-43C1-8165-569F68720BDF}.Shipping|Tegra-Android.ActiveCfg = Release|x64
		{CDB20F4C-0F5C-43C1-8165-569F68720BDF}.Shipping|Tegra-Android.Build.0 = Release|x64
		{CDB20F4C-0F5C-43C1-8165-569F68720BDF}.Shipping|x64.ActiveCfg = Release|x64
		{CDB20F4C-0F5C-43C1-8165-569F68720BDF}.Shipping|x64.Build.0 = Release|x64
		{CDB20F4C-0F5C-43C1-8165-569F68720BDF}.Shipping|x86.ActiveCfg = Release|Win32
		{CDB20F4C-0F5C-43C1-8165-569F68720BDF}.Shipping|x86.Build.0 = Release|Win32
		{7753502C-2D80-47FA-82EE-54ECE95805DE}.Debug|ARM.ActiveCfg = Debug|Win32
		{7753502C-2D80-47FA-82EE-54ECE95805DE}.Debug|Tegra-Android.ActiveCfg = Debug|Win32
		{7753502C-2D80-47FA-82EE-54ECE95805DE}.Debug|x64.ActiveCfg = Debug|x64
		{7753502C-2D80-47FA-82EE-54ECE95805DE}.Debug|x64.Build.0 = Debug|x64
		{7753502C-2D80-47FA-82EE-54ECE95805DE}.Debug|x86.ActiveCfg = Debug|Win32
		{7753502C-2D80-47FA-82EE-54ECE95805DE}.Debug|x86.Build.0 = Debug|Win32
		{7753502C-2D80-47FA-82EE-54ECE95805DE}.Release|ARM.ActiveCfg = Release|Win32
		{7753502C-2D80-47FA-82EE-54ECE95805DE}.Release|Tegra-Android.ActiveCfg = Release|Win32
		{7753502C-2D80-47FA-82EE-54ECE95805DE}.Release|x64.ActiveCfg = Release|x64
		{7753502C-2D80-47FA-82EE-54ECE95805DE}.Release|x64.Build.0 = Release|x64
		{7753502C-2D80-47FA-82EE-54ECE95805DE}.Release|x86.ActiveCfg = Release|Win32
		{7753502C-2D80-47FA-82EE-54ECE95805DE}.Release|x86.Build.0 = Release|Win32
		{7753502C-2D80-47FA-82EE-54ECE95805DE}.Shipping|ARM.ActiveCfg = Release|x64
		{7753502C-2D80-47FA-82EE-54ECE95805DE}.Shipping|ARM.Build.0 = Release|x64
		{7753502C-2D80-47FA-82EE-54ECE95805DE}.Shipping|Tegra-Android.ActiveCfg = Release|x64
		{7753502C-2D80-47FA-82EE-54ECE95805DE}.Shipping|Tegra-Android.Build.0 = Release|x64
		{7753502C-2D80-47FA-82EE-54ECE95805DE}.Shipping|x64.ActiveCfg = Release|x64
		{7753502C-2D80-47FA-82EE-54ECE95805DE}.Shipping|x64.Build.0 = Release|x64
		{7753502C-2D80-47FA-82EE-54ECE95805DE}.Shipping|x86.ActiveCfg = Release|Win32
		{7753502C-2D80-47FA-82EE-54ECE95805DE}.Shipping|x86.Build.0 = Release|Win32
		{5A670711-FA5D-4F9B-9DD2-2E931C7E1D64}.Debug|ARM.ActiveCfg = Debug|ARM
		{5A670711-FA5D-4F9B-9DD2-2E931C7E1D64}.Debug|ARM.Build.0 = Debug|ARM
		{5A670711-FA5D-4F9B-9DD2-2E931C7E1D64}.Debug|Tegra-Android.ActiveCfg = Debug|x86
		{5A670711-FA5D-4F9B-9DD2-2E931C7E1D64}.Debug|x64.ActiveCfg = Debug|x64
		{5A670711-FA5D-4F9B-9DD2-2E931C7E1D64}.Debug|x64.Build.0 = Debug|x64
		{5A670711-FA5D-4F9B-9DD2-2E931C7E1D64}.Debug|x86.ActiveCfg = Debug|x86
		{5A670711-FA5D-4F9B-9DD2-2E931C7E1D64}.Debug|x86.Build.0 = Debug|x86
		{5A670711-FA5D-4F9B-9DD2-2E931C7E1D64}.Release|ARM.ActiveCfg = Release|ARM
		{5A670711-FA5D-4F9B-9DD2-2E931C7E1D64}.Release|ARM.Build.0 = Release|ARM
		{5A670711-FA5D-4F9B-9DD2-2E931C7E1D64}.Release|Tegra-Android.ActiveCfg = Release|x86
		{5A670711-FA5D-4F9B-9DD2-2E931C7E1D64}.Release|x64.ActiveCfg = Release|x64
		{5A670711-FA5D-4F9B-9DD2-2E931C7E1D64}.Release|x64.Build.0 = Release|x64
		{5A670711-FA5D-4F9B-9DD2-2E931C7E1D64}.Release|x86.ActiveCfg = Release|x86
		{5A670711-FA5D-4F9B-9DD2-2E931C7E1D64}.Release|x86.Build.0 = Release|x86
		{5A670711-FA5D-4F9B-9DD2-2E931C7E1D64}.Shipping|ARM.ActiveCfg = Release|ARM
		{5A670711-FA5D-4F9B-9DD2-2E931C7E1D64}.Shipping|ARM.Build.0 = Release|ARM
		{5A670711-FA5D-4F9B-9DD2-2E931C7E1D64}.Shipping|Tegra-Android.ActiveCfg = Release|x86
		{5A670711-FA5D-4F9B-9DD2-2E931C7E1D64}.Shipping|Tegra-Android.Build.0 = Release|x86
		{5A670711-FA5D-4F9B-9DD2-2E931C7E1D64}.Shipping|x64.ActiveCfg = Release|x64
		{5A670711-FA5D-4F9B-9DD2-2E931C7E1D64}.Shipping|x64.Build.0 = Release|x64
		{5A670711-FA5D-4F9B-9DD2-2E931C7E1D64}.Shipping|x86.ActiveCfg = Release|x86
		{5A670711-FA5D-4F9B-9DD2-2E931C7E1D64}.Shipping|x86.Build.0 = Release|x86
		{A26683CF-B572-4811-BE43-53831EBEE71A}.Debug|ARM.ActiveCfg = Debug|ARM
		{A26683CF-B572-4811-BE43-53831EBEE71A}.Debug|ARM.Build.0 = Debug|ARM
		{A26683CF-B572-4811-BE43-53831EBEE71A}.Debug|Tegra-Android.ActiveCfg = Debug|x86
		{A26683CF-B572-4811-BE43-53831EBEE71A}.Debug|x64.ActiveCfg = Debug|x64
		{A26683CF-B572-4811-BE43-53831EBEE71A}.Debug|x64.Build.0 = Debug|x64
		{A26683CF-B572-4811-BE43-53831EBEE71A}.Debug|x86.ActiveCfg = Debug|x86
		{A26683CF-B572-4811-BE43-53831EBEE71A}.Debug|x86.Build.0 = Debug|x86
		{A26683CF-B572-4811-BE43-53831EBEE71A}.Release|ARM.ActiveCfg = Release|ARM
		{A26683CF-B572-4811-BE43-53831EBEE71A}.Release|ARM.Build.0 = Release|ARM
		{A26683CF-B572-4811-BE43-53831EBEE71A}.Release|Tegra-Android.ActiveCfg = Release|x86
		{A26683CF-B572-4811-BE43-53831EBEE71A}.Release|x64.ActiveCfg = Release|x64
		{A26683CF-B572-4811-BE43-53831EBEE71A}.Release|x64.Build.0 = Release|x64
		{A26683CF-B572-4811-BE43-53831EBEE71A}.Release|x86.ActiveCfg = Release|x86
		{A26683CF-B572-4811-BE43-53831EBEE71A}.Release|x86.Build.0 = Release|x86
		{A26683CF-B572-4811-BE43-53831EBEE71A}.Shipping|ARM.ActiveCfg = Release|ARM
		{A26683CF-B572-4811-BE43-53831EBEE71A}.Shipping|ARM.Build.0 = Release|ARM
		{A26683CF-B572-4811-BE43-53831EBEE71A}.Shipping|Tegra-Android.ActiveCfg = Release|x86
		{A26683CF-B572-4811-BE43-53831EBEE71A}.Shipping|Tegra-Android.Build.0 = Release|x86
		{A26683CF-B572-4811-BE43-53831EBEE71A}.Shipping|x64.ActiveCfg = Release|x64
		{A26683CF-B572-4811-BE43-53831EBEE71A}.Shipping|x64.Build.0 = Release|x64
		{A26683CF-B572-4811-BE43-53831EBEE71A}.Shipping|x86.ActiveCfg = Release|x86
		{A26683CF-B572-4811-BE43-53831EBEE71A}.Shipping|x86.Build.0 = Release|x86
		{CA77759E-E1CC-453A-B45E-2E49F242416F}.Debug|ARM.ActiveCfg = Debug|Tegra-Android
		{CA77759E-E1CC-453A-B45E-2E49F242416F}.Debug|Tegra-Android.ActiveCfg = Debug|Tegra-Android
		{CA77759E-E1CC-453A-B45E-2E49F242416F}.Debug|Tegra-Android.Build.0 = Debug|Tegra-Android
		{CA77759E-E1CC-453A-B45E-2E49F242416F}.Debug|x64.ActiveCfg = Debug|Tegra-Android
		{CA77759E-E1CC-453A-B45E-2E49F242416F}.Debug|x86.ActiveCfg = Debug|Tegra-Android
		{CA77759E-E1CC-453A-B45E-2E49F242416F}.Release|ARM.ActiveCfg = Release|Tegra-Android
		{CA77759E-E1CC-453A-B45E-2E49F242416F}.Release|Tegra-Android.ActiveCfg = Release|Tegra-Android
		{CA77759E-E1CC-453A-B45E-2E49F242416F}.Release|Tegra-Android.Build.0 = Release|Tegra-Android
		{CA77759E-E1CC-453A-B45E-2E49F242416F}.Release|x64.ActiveCfg = Release|Tegra-Android
		{CA77759E-E1CC-453A-B45E-2E49F242416F}.Release|x86.ActiveCfg = Release|Tegra-Android
		{CA77759E-E1CC-453A-B45E-2E49F242416F}.Shipping|ARM.ActiveCfg = Shipping|Tegra-Android
		{CA77759E-E1CC-453A-B45E-2E49F242416F}.Shipping|Tegra-Android.ActiveCfg = Shipping|Tegra-Android
		{CA77759E-E1CC-453A-B45E-2E49F242416F}.Shipping|Tegra-Android.Build.0 = Shipping|Tegra-Android
		{CA77759E-E1CC-453A-B45E-2E49F242416F}.Shipping|x64.ActiveCfg = Shipping|Tegra-Android
		{CA77759E-E1CC-453A-B45E-2E49F242416F}.Shipping|x86.ActiveCfg = Shipping|Tegra-Android
		{54342271-7ACF-4E57-A06E-CF0980E8EF2F}.Debug|ARM.ActiveCfg = Debug|Tegra-Android
		{54342271-7ACF-4E57-A06E-CF0980E8EF2F}.Debug|Tegra-Android.ActiveCfg = Debug|Tegra-Android
		{54342271-7ACF-4E57-A06E-CF0980E8EF2F}.Debug|Tegra-Android.Build.0 = Debug|Tegra-Android
		{54342271-7ACF-4E57-A06E-CF0980E8EF2F}.Debug|x64.ActiveCfg = Debug|Tegra-Android
		{54342271-7ACF-4E57-A06E-CF0980E8EF2F}.Debug|x86.ActiveCfg = Debug|Tegra-Android
		{54342271-7ACF-4E57-A06E-CF0980E8EF2F}.Release|ARM.ActiveCfg = Release|Tegra-Android
		{54342271-7ACF-4E57-A06E-CF0980E8EF2F}.Release|Tegra-Android.ActiveCfg = Release|Tegra-Android
		{54342271-7ACF-4E57-A06E-CF0980E8EF2F}.Release|Tegra-Android.Build.0 = Release|Tegra-Android
		{54342271-7ACF-4E57-A06E-CF0980E8EF2F}.Release|x64.ActiveCfg = Release|Tegra-Android
		{54342271-7ACF-4E57-A06E-CF0980E8EF2F}.Release|x86.ActiveCfg = Release|Tegra-Android
		{54342271-7ACF-4E57-A06E-CF0980E8EF2F}.Shipping|ARM.ActiveCfg = Shipping|Tegra-Android
		{54342271-7ACF-4E57-A06E-CF0980E8EF2F}.Shipping|Tegra-Android.ActiveCfg = Shipping|Tegra-Android
		{54342271-7ACF-4E57-A06E-CF0980E8EF2F}.Shipping|Tegra-Android.Build.0 = Shipping|Tegra-Android
		{54342271-7ACF-4E57-A06E-CF0980E8EF2F}.Shipping|x64.ActiveCfg = Shipping|Tegra-Android
		{54342271-7ACF-4E57-A06E-CF0980E8EF2F}.Shipping|x86.ActiveCfg = Shipping|Tegra-Android
		{2B2D61D4-F8EA-471E-8882-36B5905BC063}.Debug|ARM.ActiveCfg = Debug|Win32
		{2B2D61D4-F8EA-471E-8882-36B5905BC063}.Debug|Tegra-Android.ActiveCfg = Debug|Win32
		{2B2D61D4-F8EA-471E-8882-36B5905BC063}.Debug|x64.ActiveCfg = Debug|x64
		{2B2D61D4-F8EA-471E-8882-36B5905BC063}.Debug|x64.Build.0 = Debug|x64
		{2B2D61D4-F8EA-471E-8882-36B5905BC063}.Debug|x86.ActiveCfg = Debug|Win32
		{2B2D61D4-F8EA-471E-8882-36B5905BC063}.Debug|x86.Build.0 = Debug|Win32
		{2B2D61D4-F8EA-471E-8882-36B5905BC063}.Release|ARM.ActiveCfg = Release|Win32
		{2B2D61D4-F8EA-471E-8882-36B5905BC063}.Release|Tegra-Android.ActiveCfg = Release|Win32
		{2B2D61D4-F8EA-471E-8882-36B5905BC063}.Release|x64.ActiveCfg = Release|x64
		{2B2D61D4-F8EA-471E-8882-36B5905BC063}.Release|x64.Build.0 = Release|x64
		{2B2D61D4-F8EA-471E-8882-36B5905BC063}.Release|x86.ActiveCfg = Release|Win32
		{2B2D61D4-F8EA-471E-8882-36B5905BC063}.Release|x86.Build.0 = Release|Win32
		{2B2D61D4-F8EA-471E-8882-36B5905BC063}.Shipping|ARM.ActiveCfg = Release|x64
		{2B2D61D4-F8EA-471E-8882-36B5905BC063}.Shipping|ARM.Build.0 = Release|x64
		{2B2D61D4-F8EA-471E-8882-36B5905BC063}.Shipping|Tegra-Android.ActiveCfg = Release|x64
		{2B2D61D4-F8EA-471E-8882-36B5905BC063}.Shipping|Tegra-Android.Build.0 = Release|x64
		{2B2D61D4-F8EA-471E-8882-36B5905BC063}.Shipping|x64.ActiveCfg = Release|x64
		{2B2D61D4-F8EA-471E-8882-36B5905BC063}.Shipping|x64.Build.0 = Release|x64
		{2B2D61D4-F8EA-471E-8882-36B5905BC063}.Shipping|x86.ActiveCfg = Release|Win32
		{2B2D61D4-F8EA-471E-8882-36B5905BC063}.Shipping|x86.Build.0 = Release|Win32
		{F007E29A-45E1-4B9C-8837-639E46DD6E40}.Debug|ARM.ActiveCfg = Debug|Win32
		{F007E29A-45E1-4B9C-8837-639E46DD6E40}.Debug|Tegra-Android.ActiveCfg = Debug|Win32
		{F007E29A-45E1-4B9C-8837-639E46DD6E40}.Debug|x64.ActiveCfg = Debug|x64
		{F007E29A-45E1-4B9C-8837-639E46DD6E40}.Debug|x64.Build.0 = Debug|x64
		{F007E29A-45E1-4B9C-8837-639E46DD6E40}.Debug|x86.ActiveCfg = Debug|Win32
		{F007E29A-45E1-4B9C-8837-639E46DD6E40}.Debug|x86.Build.0 = Debug|Win32
		{F007E29A-45E1-4B9C-8837-639E46DD6E40}.Release|ARM.ActiveCfg = Release|Win32
		{F007E29A-45E1-4B9C-8837-639E46DD6E40}.Release|Tegra-Android.ActiveCfg = Release|Win32
		{F007E29A-45E1-4B9C-8837-639E46DD6E40}.Release|x64.ActiveCfg = Release|x64
		{F007E29A-45E1-4B9C-8837-639E46DD6E40}.Release|x64.Build.0 = Release|x64
		{F007E29A-45E1-4B9C-8837-639E46DD6E40}.Release|x86.ActiveCfg = Release|Win32
		{F007E29A-45E1-4B9C-8837-639E46DD6E40}.Release|x86.Build.0 = Release|Win32
		{F007E29A-45E1-4B9C-8837-639E46DD6E40}.Shipping|ARM.ActiveCfg = Release|x64
		{F007E29A-45E1-4B9C-8837-639E46DD6E40}.Shipping|ARM.Build.0 = Release|x64
		{F007E29A-45E1-4B9C-8837-639E46DD6E40}.Shipping|Tegra-Android.ActiveCfg = Release|x64
		{F007E29A-45E1-4B9C-8837-639E46DD6E40}.Shipping|Tegra-Android.Build.0 = Release|x64
		{F007E29A-45E1-4B9C-8837-639E46DD6E40}.Shipping|x64.ActiveCfg = Release|x64
		{F007E29A-45E1-4B9C-8837-639E46DD6E40}.Shipping|x64.Build.0 = Release|x64
		{F007E29A-45E1-4B9C-8837-639E46DD6E40}.Shipping|x86.ActiveCfg = Release|Win32
		{F007E29A-45E1-4B9C-8837-639E46DD6E40}.Shipping|x86.Build.0 = Release|Win32
	EndGlobalSection
	GlobalSection(SolutionProperties) = preSolution
		HideSolutionNode = FALSE
	EndGlobalSection
EndGlobal
