<?xml version="1.0" encoding="utf-8"?>
<Project ToolsVersion="4.0" xmlns="http://schemas.microsoft.com/developer/msbuild/2003">
  <ItemGroup>
    <Filter Include="Source Files">
      <UniqueIdentifier>{4FC737F1-C7A5-4376-A066-2A32D752A2FF}</UniqueIdentifier>
      <Extensions>cpp;c;cc;cxx;def;odl;idl;hpj;bat;asm;asmx</Extensions>
    </Filter>
    <Filter Include="Source Files\BF">
      <UniqueIdentifier>{08509de5-dfcf-4e5f-b7fe-e7e25b08acf8}</UniqueIdentifier>
    </Filter>
    <Filter Include="Source Files\BF\AI">
      <UniqueIdentifier>{fc813665-0d66-4aec-882c-65a0fab0b470}</UniqueIdentifier>
    </Filter>
    <Filter Include="Source Files\BF\Graphics">
      <UniqueIdentifier>{93c2834c-7c7e-494c-993e-54dba37fddc5}</UniqueIdentifier>
    </Filter>
    <Filter Include="Source Files\BF\Audio">
      <UniqueIdentifier>{d862845d-5b06-4bef-8075-f7064eac1a8e}</UniqueIdentifier>
    </Filter>
    <Filter Include="Source Files\BF\Application">
      <UniqueIdentifier>{14b18630-026d-4d9c-94a0-4c36bf7745a7}</UniqueIdentifier>
    </Filter>
    <Filter Include="Source Files\BF\Input">
      <UniqueIdentifier>{57e370c4-1132-4cfb-941f-e33a1f908873}</UniqueIdentifier>
    </Filter>
    <Filter Include="Source Files\BF\IO">
      <UniqueIdentifier>{74dd0e77-db38-4827-9267-2eb95158795f}</UniqueIdentifier>
    </Filter>
    <Filter Include="Source Files\BF\Math">
      <UniqueIdentifier>{1b32bddd-11b2-4c8e-bdd2-7a781a866e58}</UniqueIdentifier>
    </Filter>
    <Filter Include="Source Files\BF\Network">
      <UniqueIdentifier>{c1c8e61a-b98e-4dbc-b861-cd7650410e63}</UniqueIdentifier>
    </Filter>
    <Filter Include="Source Files\BF\System">
      <UniqueIdentifier>{d0605f19-ec2b-470f-8011-c010b4708a99}</UniqueIdentifier>
    </Filter>
    <Filter Include="Source Files\BF\Platform">
      <UniqueIdentifier>{f7a7d413-1106-4785-b935-c026e0dd486a}</UniqueIdentifier>
    </Filter>
    <Filter Include="Source Files\BF\Platform\API">
      <UniqueIdentifier>{44277b50-58c8-462a-9ac6-01ee5b65dd32}</UniqueIdentifier>
    </Filter>
    <Filter Include="Source Files\BF\Platform\API\OpenGL">
      <UniqueIdentifier>{47069435-1cde-45d6-9a17-b746bdcc7cfc}</UniqueIdentifier>
    </Filter>
    <Filter Include="Source Files\BF\IO\FileFormats">
      <UniqueIdentifier>{070d6d6a-cdce-47f8-81cb-f948e9bd97b6}</UniqueIdentifier>
    </Filter>
    <Filter Include="Source Files\BF\Graphics\Animation">
      <UniqueIdentifier>{9b640592-f5c1-40bc-a7f1-6e214cc020e8}</UniqueIdentifier>
    </Filter>
    <Filter Include="Source Files\BF\Graphics\API">
      <UniqueIdentifier>{d9d43e6b-4e76-4b17-a1a0-ce47b90b3f2a}</UniqueIdentifier>
    </Filter>
    <Filter Include="Source Files\BF\Graphics\Fonts">
      <UniqueIdentifier>{cce6d8fe-e3cc-439c-8192-4e8f5d6bcd13}</UniqueIdentifier>
    </Filter>
    <Filter Include="Source Files\BF\Graphics\GUI">
      <UniqueIdentifier>{da666c01-7d01-493b-935b-9ab98a5ec5d7}</UniqueIdentifier>
    </Filter>
    <Filter Include="Source Files\BF\Graphics\Renderers">
      <UniqueIdentifier>{ed21060c-ef1f-45e0-9ba3-688a99d9b0c0}</UniqueIdentifier>
    </Filter>
    <Filter Include="Source Files\BF\Platform\API\WebGL">
      <UniqueIdentifier>{370c81ec-1494-4da2-8f1a-f97ea7181302}</UniqueIdentifier>
    </Filter>
  </ItemGroup>
  <ItemGroup>
    <ClInclude Include="..\Core\BF\BlueFlame.h">
      <Filter>Source Files\BF</Filter>
    </ClInclude>
    <ClInclude Include="..\Core\BF\Common.h">
      <Filter>Source Files\BF</Filter>
    </ClInclude>
    <ClInclude Include="..\Core\BF\Engine.h">
      <Filter>Source Files\BF</Filter>
    </ClInclude>
    <ClInclude Include="..\Core\BF\System\Log.h">
      <Filter>Source Files\BF\System</Filter>
    </ClInclude>
    <ClInclude Include="..\Core\BF\System\Timer.h">
      <Filter>Source Files\BF\System</Filter>
    </ClInclude>
    <ClInclude Include="..\Core\BF\Platform\API\OpenGL\GLConstentBuffer.h">
      <Filter>Source Files\BF\Platform\API\OpenGL</Filter>
    </ClInclude>
    <ClInclude Include="..\Core\BF\Platform\API\OpenGL\GLError.h">
      <Filter>Source Files\BF\Platform\API\OpenGL</Filter>
    </ClInclude>
    <ClInclude Include="..\Core\BF\Platform\API\OpenGL\GLFramebuffer.h">
      <Filter>Source Files\BF\Platform\API\OpenGL</Filter>
    </ClInclude>
    <ClInclude Include="..\Core\BF\Platform\API\OpenGL\GLIndexBuffer.h">
      <Filter>Source Files\BF\Platform\API\OpenGL</Filter>
    </ClInclude>
    <ClInclude Include="..\Core\BF\Platform\API\OpenGL\GLShader.h">
      <Filter>Source Files\BF\Platform\API\OpenGL</Filter>
    </ClInclude>
    <ClInclude Include="..\Core\BF\Platform\API\OpenGL\GLTexture2D.h">
      <Filter>Source Files\BF\Platform\API\OpenGL</Filter>
    </ClInclude>
    <ClInclude Include="..\Core\BF\Platform\API\OpenGL\GLTextureCube.h">
      <Filter>Source Files\BF\Platform\API\OpenGL</Filter>
    </ClInclude>
    <ClInclude Include="..\Core\BF\Platform\API\OpenGL\GLVertexBuffer.h">
      <Filter>Source Files\BF\Platform\API\OpenGL</Filter>
    </ClInclude>
    <ClInclude Include="..\Core\BF\Platform\API\OpenGL\Context\WEBGLContext.h">
      <Filter>Source Files\BF\Platform\API\OpenGL</Filter>
    </ClInclude>
    <ClInclude Include="..\Core\BF\Network\Client.h">
      <Filter>Source Files\BF\Network</Filter>
    </ClInclude>
    <ClInclude Include="..\Core\BF\Network\Server.h">
      <Filter>Source Files\BF\Network</Filter>
    </ClInclude>
    <ClInclude Include="..\Core\BF\Math\Math.h">
      <Filter>Source Files\BF\Math</Filter>
    </ClInclude>
    <ClInclude Include="..\Core\BF\Math\Matrix4.h">
      <Filter>Source Files\BF\Math</Filter>
    </ClInclude>
    <ClInclude Include="..\Core\BF\Math\Rectangle.h">
      <Filter>Source Files\BF\Math</Filter>
    </ClInclude>
    <ClInclude Include="..\Core\BF\Math\Vector2.h">
      <Filter>Source Files\BF\Math</Filter>
    </ClInclude>
    <ClInclude Include="..\Core\BF\Math\Vector3.h">
      <Filter>Source Files\BF\Math</Filter>
    </ClInclude>
    <ClInclude Include="..\Core\BF\Math\Vector4.h">
      <Filter>Source Files\BF\Math</Filter>
    </ClInclude>
    <ClInclude Include="..\Core\BF\IO\BFALoader.h">
      <Filter>Source Files\BF\IO</Filter>
    </ClInclude>
    <ClInclude Include="..\Core\BF\IO\BFMLoader.h">
      <Filter>Source Files\BF\IO</Filter>
    </ClInclude>
    <ClInclude Include="..\Core\BF\IO\BFXLoader.h">
      <Filter>Source Files\BF\IO</Filter>
    </ClInclude>
    <ClInclude Include="..\Core\BF\IO\FileLoader.h">
      <Filter>Source Files\BF\IO</Filter>
    </ClInclude>
    <ClInclude Include="..\Core\BF\IO\ImageLoader.h">
      <Filter>Source Files\BF\IO</Filter>
    </ClInclude>
    <ClInclude Include="..\Core\BF\IO\OBJLoader.h">
      <Filter>Source Files\BF\IO</Filter>
    </ClInclude>
    <ClInclude Include="..\Core\BF\IO\WAVLoader.h">
      <Filter>Source Files\BF\IO</Filter>
    </ClInclude>
    <ClInclude Include="..\Core\BF\IO\FileFormats\BFAFormat.h">
      <Filter>Source Files\BF\IO\FileFormats</Filter>
    </ClInclude>
    <ClInclude Include="..\Core\BF\IO\FileFormats\BFMFormat.h">
      <Filter>Source Files\BF\IO\FileFormats</Filter>
    </ClInclude>
    <ClInclude Include="..\Core\BF\IO\FileFormats\BFXFormat.h">
      <Filter>Source Files\BF\IO\FileFormats</Filter>
    </ClInclude>
    <ClInclude Include="..\Core\BF\Input\Controller.h">
      <Filter>Source Files\BF\Input</Filter>
    </ClInclude>
    <ClInclude Include="..\Core\BF\Input\Keyboard.h">
      <Filter>Source Files\BF\Input</Filter>
    </ClInclude>
    <ClInclude Include="..\Core\BF\Input\Mouse.h">
      <Filter>Source Files\BF\Input</Filter>
    </ClInclude>
    <ClInclude Include="..\Core\BF\Audio\Sound.h">
      <Filter>Source Files\BF\Audio</Filter>
    </ClInclude>
    <ClInclude Include="..\Core\BF\Audio\SoundManager.h">
      <Filter>Source Files\BF\Audio</Filter>
    </ClInclude>
    <ClInclude Include="..\Core\BF\Application\Scene.h">
      <Filter>Source Files\BF\Application</Filter>
    </ClInclude>
    <ClInclude Include="..\Core\BF\Application\SceneManager.h">
      <Filter>Source Files\BF\Application</Filter>
    </ClInclude>
    <ClInclude Include="..\Core\BF\Application\Window.h">
      <Filter>Source Files\BF\Application</Filter>
    </ClInclude>
    <ClInclude Include="..\Core\BF\Application\WindowStyle.h">
      <Filter>Source Files\BF\Application</Filter>
    </ClInclude>
    <ClInclude Include="..\Core\BF\AI\Waypoint.h">
      <Filter>Source Files\BF\AI</Filter>
    </ClInclude>
    <ClInclude Include="..\Core\BF\Graphics\Camera.h">
      <Filter>Source Files\BF\Graphics</Filter>
    </ClInclude>
    <ClInclude Include="..\Core\BF\Graphics\Color.h">
      <Filter>Source Files\BF\Graphics</Filter>
    </ClInclude>
    <ClInclude Include="..\Core\BF\Graphics\FPSCamera.h">
      <Filter>Source Files\BF\Graphics</Filter>
    </ClInclude>
    <ClInclude Include="..\Core\BF\Graphics\Light.h">
      <Filter>Source Files\BF\Graphics</Filter>
    </ClInclude>
    <ClInclude Include="..\Core\BF\Graphics\Material.h">
      <Filter>Source Files\BF\Graphics</Filter>
    </ClInclude>
    <ClInclude Include="..\Core\BF\Graphics\Mesh.h">
      <Filter>Source Files\BF\Graphics</Filter>
    </ClInclude>
    <ClInclude Include="..\Core\BF\Graphics\Model.h">
      <Filter>Source Files\BF\Graphics</Filter>
    </ClInclude>
    <ClInclude Include="..\Core\BF\Graphics\Skybox.h">
      <Filter>Source Files\BF\Graphics</Filter>
    </ClInclude>
    <ClInclude Include="..\Core\BF\Graphics\Terrain.h">
      <Filter>Source Files\BF\Graphics</Filter>
    </ClInclude>
    <ClInclude Include="..\Core\BF\Graphics\TextureAtlas.h">
      <Filter>Source Files\BF\Graphics</Filter>
    </ClInclude>
    <ClInclude Include="..\Core\BF\Graphics\TileData.h">
      <Filter>Source Files\BF\Graphics</Filter>
    </ClInclude>
    <ClInclude Include="..\Core\BF\Graphics\TileMap.h">
      <Filter>Source Files\BF\Graphics</Filter>
    </ClInclude>
    <ClInclude Include="..\Core\BF\Graphics\Animation\SpriteAnimation.h">
      <Filter>Source Files\BF\Graphics\Animation</Filter>
    </ClInclude>
    <ClInclude Include="..\Core\BF\Graphics\API\ConstentBuffer.h">
      <Filter>Source Files\BF\Graphics\API</Filter>
    </ClInclude>
    <ClInclude Include="..\Core\BF\Graphics\API\Context.h">
      <Filter>Source Files\BF\Graphics\API</Filter>
    </ClInclude>
    <ClInclude Include="..\Core\BF\Graphics\API\IndexBuffer.h">
      <Filter>Source Files\BF\Graphics\API</Filter>
    </ClInclude>
    <ClInclude Include="..\Core\BF\Graphics\API\RenderTarget.h">
      <Filter>Source Files\BF\Graphics\API</Filter>
    </ClInclude>
    <ClInclude Include="..\Core\BF\Graphics\API\Shader.h">
      <Filter>Source Files\BF\Graphics\API</Filter>
    </ClInclude>
    <ClInclude Include="..\Core\BF\Graphics\API\Texture.h">
      <Filter>Source Files\BF\Graphics\API</Filter>
    </ClInclude>
    <ClInclude Include="..\Core\BF\Graphics\API\Texture2D.h">
      <Filter>Source Files\BF\Graphics\API</Filter>
    </ClInclude>
    <ClInclude Include="..\Core\BF\Graphics\API\TextureCube.h">
      <Filter>Source Files\BF\Graphics\API</Filter>
    </ClInclude>
    <ClInclude Include="..\Core\BF\Graphics\API\VertexBuffer.h">
      <Filter>Source Files\BF\Graphics\API</Filter>
    </ClInclude>
    <ClInclude Include="..\Core\BF\Graphics\API\VertexBufferLayout.h">
      <Filter>Source Files\BF\Graphics\API</Filter>
    </ClInclude>
    <ClInclude Include="..\Core\BF\Graphics\Fonts\Character.h">
      <Filter>Source Files\BF\Graphics\Fonts</Filter>
    </ClInclude>
    <ClInclude Include="..\Core\BF\Graphics\Fonts\Font.h">
      <Filter>Source Files\BF\Graphics\Fonts</Filter>
    </ClInclude>
    <ClInclude Include="..\Core\BF\Graphics\Fonts\FontAtlas.h">
      <Filter>Source Files\BF\Graphics\Fonts</Filter>
    </ClInclude>
    <ClInclude Include="..\Core\BF\Graphics\GUI\Button.h">
      <Filter>Source Files\BF\Graphics\GUI</Filter>
    </ClInclude>
    <ClInclude Include="..\Core\BF\Graphics\GUI\Checkbox.h">
      <Filter>Source Files\BF\Graphics\GUI</Filter>
    </ClInclude>
    <ClInclude Include="..\Core\BF\Graphics\GUI\Panel.h">
      <Filter>Source Files\BF\Graphics\GUI</Filter>
    </ClInclude>
    <ClInclude Include="..\Core\BF\Graphics\GUI\Scrollbar.h">
      <Filter>Source Files\BF\Graphics\GUI</Filter>
    </ClInclude>
    <ClInclude Include="..\Core\BF\Graphics\GUI\ScrollbarSlider.h">
      <Filter>Source Files\BF\Graphics\GUI</Filter>
    </ClInclude>
    <ClInclude Include="..\Core\BF\Graphics\GUI\StyleSheet.h">
      <Filter>Source Files\BF\Graphics\GUI</Filter>
    </ClInclude>
    <ClInclude Include="..\Core\BF\Graphics\GUI\Widget.h">
      <Filter>Source Files\BF\Graphics\GUI</Filter>
    </ClInclude>
    <ClInclude Include="..\Core\BF\Graphics\GUI\WidgetManager.h">
      <Filter>Source Files\BF\Graphics\GUI</Filter>
    </ClInclude>
    <ClInclude Include="..\Core\BF\Graphics\Renderers\LineShape.h">
      <Filter>Source Files\BF\Graphics\Renderers</Filter>
    </ClInclude>
    <ClInclude Include="..\Core\BF\Graphics\Renderers\RegularPolygon.h">
      <Filter>Source Files\BF\Graphics\Renderers</Filter>
    </ClInclude>
    <ClInclude Include="..\Core\BF\Graphics\Renderers\Renderable.h">
      <Filter>Source Files\BF\Graphics\Renderers</Filter>
    </ClInclude>
    <ClInclude Include="..\Core\BF\Graphics\Renderers\Sprite.h">
      <Filter>Source Files\BF\Graphics\Renderers</Filter>
    </ClInclude>
    <ClInclude Include="..\Core\BF\Graphics\Renderers\SpriteRenderer.h">
      <Filter>Source Files\BF\Graphics\Renderers</Filter>
    </ClInclude>
    <ClInclude Include="..\Core\BF\Platform\WebGL\WEBEngineEntryPoint.h">
      <Filter>Source Files\BF\Platform\API\WebGL</Filter>
    </ClInclude>
    <ClInclude Include="..\Core\BF\Platform\WebGL\WEBWindow.h">
      <Filter>Source Files\BF\Platform\API\WebGL</Filter>
    </ClInclude>
  </ItemGroup>
  <ItemGroup>
    <ClCompile Include="..\Core\BF\Engine.cpp">
      <Filter>Source Files\BF</Filter>
    </ClCompile>
    <ClCompile Include="..\Core\BF\System\Timer.cpp">
      <Filter>Source Files\BF\System</Filter>
    </ClCompile>
    <ClCompile Include="..\Core\BF\Platform\API\OpenGL\GLConstentBuffer.cpp">
      <Filter>Source Files\BF\Platform\API\OpenGL</Filter>
    </ClCompile>
    <ClCompile Include="..\Core\BF\Platform\API\OpenGL\GLError.cpp">
      <Filter>Source Files\BF\Platform\API\OpenGL</Filter>
    </ClCompile>
    <ClCompile Include="..\Core\BF\Platform\API\OpenGL\GLFramebuffer.cpp">
      <Filter>Source Files\BF\Platform\API\OpenGL</Filter>
    </ClCompile>
    <ClCompile Include="..\Core\BF\Platform\API\OpenGL\GLIndexBuffer.cpp">
      <Filter>Source Files\BF\Platform\API\OpenGL</Filter>
    </ClCompile>
    <ClCompile Include="..\Core\BF\Platform\API\OpenGL\GLShader.cpp">
      <Filter>Source Files\BF\Platform\API\OpenGL</Filter>
    </ClCompile>
    <ClCompile Include="..\Core\BF\Platform\API\OpenGL\GLTexture2D.cpp">
      <Filter>Source Files\BF\Platform\API\OpenGL</Filter>
    </ClCompile>
    <ClCompile Include="..\Core\BF\Platform\API\OpenGL\GLTextureCube.cpp">
      <Filter>Source Files\BF\Platform\API\OpenGL</Filter>
    </ClCompile>
    <ClCompile Include="..\Core\BF\Platform\API\OpenGL\GLVertexBuffer.cpp">
      <Filter>Source Files\BF\Platform\API\OpenGL</Filter>
    </ClCompile>
    <ClCompile Include="..\Core\BF\Platform\API\OpenGL\Context\WEBGLContext.cpp">
      <Filter>Source Files\BF\Platform\API\OpenGL</Filter>
    </ClCompile>
    <ClCompile Include="..\Core\BF\Network\Client.cpp">
      <Filter>Source Files\BF\Network</Filter>
    </ClCompile>
    <ClCompile Include="..\Core\BF\Network\Server.cpp">
      <Filter>Source Files\BF\Network</Filter>
    </ClCompile>
    <ClCompile Include="..\Core\BF\Math\Math.cpp">
      <Filter>Source Files\BF\Math</Filter>
    </ClCompile>
    <ClCompile Include="..\Core\BF\Math\Matrix4.cpp">
      <Filter>Source Files\BF\Math</Filter>
    </ClCompile>
    <ClCompile Include="..\Core\BF\Math\Rectangle.cpp">
      <Filter>Source Files\BF\Math</Filter>
    </ClCompile>
    <ClCompile Include="..\Core\BF\Math\Vector2.cpp">
      <Filter>Source Files\BF\Math</Filter>
    </ClCompile>
    <ClCompile Include="..\Core\BF\Math\Vector3.cpp">
      <Filter>Source Files\BF\Math</Filter>
    </ClCompile>
    <ClCompile Include="..\Core\BF\Math\Vector4.cpp">
      <Filter>Source Files\BF\Math</Filter>
    </ClCompile>
    <ClCompile Include="..\Core\BF\IO\BFALoader.cpp">
      <Filter>Source Files\BF\IO</Filter>
    </ClCompile>
    <ClCompile Include="..\Core\BF\IO\BFMLoader.cpp">
      <Filter>Source Files\BF\IO</Filter>
    </ClCompile>
    <ClCompile Include="..\Core\BF\IO\BFXLoader.cpp">
      <Filter>Source Files\BF\IO</Filter>
    </ClCompile>
    <ClCompile Include="..\Core\BF\IO\FileLoader.cpp">
      <Filter>Source Files\BF\IO</Filter>
    </ClCompile>
    <ClCompile Include="..\Core\BF\IO\ImageLoader.cpp">
      <Filter>Source Files\BF\IO</Filter>
    </ClCompile>
    <ClCompile Include="..\Core\BF\IO\OBJLoader.cpp">
      <Filter>Source Files\BF\IO</Filter>
    </ClCompile>
    <ClCompile Include="..\Core\BF\IO\WAVLoader.cpp">
      <Filter>Source Files\BF\IO</Filter>
    </ClCompile>
    <ClCompile Include="..\Core\BF\Input\Controller.cpp">
      <Filter>Source Files\BF\Input</Filter>
    </ClCompile>
    <ClCompile Include="..\Core\BF\Input\Keyboard.cpp">
      <Filter>Source Files\BF\Input</Filter>
    </ClCompile>
    <ClCompile Include="..\Core\BF\Input\Mouse.cpp">
      <Filter>Source Files\BF\Input</Filter>
    </ClCompile>
    <ClCompile Include="..\Core\BF\Audio\Sound.cpp">
      <Filter>Source Files\BF\Audio</Filter>
    </ClCompile>
    <ClCompile Include="..\Core\BF\Audio\SoundManager.cpp">
      <Filter>Source Files\BF\Audio</Filter>
    </ClCompile>
    <ClCompile Include="..\Core\BF\Application\Scene.cpp">
      <Filter>Source Files\BF\Application</Filter>
    </ClCompile>
    <ClCompile Include="..\Core\BF\Application\SceneManager.cpp">
      <Filter>Source Files\BF\Application</Filter>
    </ClCompile>
    <ClCompile Include="..\Core\BF\Application\Window.cpp">
      <Filter>Source Files\BF\Application</Filter>
    </ClCompile>
    <ClCompile Include="..\Core\BF\AI\Waypoint.cpp">
      <Filter>Source Files\BF\AI</Filter>
    </ClCompile>
    <ClCompile Include="..\Core\BF\Graphics\Camera.cpp">
      <Filter>Source Files\BF\Graphics</Filter>
    </ClCompile>
    <ClCompile Include="..\Core\BF\Graphics\Color.cpp">
      <Filter>Source Files\BF\Graphics</Filter>
    </ClCompile>
    <ClCompile Include="..\Core\BF\Graphics\FPSCamera.cpp">
      <Filter>Source Files\BF\Graphics</Filter>
    </ClCompile>
    <ClCompile Include="..\Core\BF\Graphics\Light.cpp">
      <Filter>Source Files\BF\Graphics</Filter>
    </ClCompile>
    <ClCompile Include="..\Core\BF\Graphics\Material.cpp">
      <Filter>Source Files\BF\Graphics</Filter>
    </ClCompile>
    <ClCompile Include="..\Core\BF\Graphics\Mesh.cpp">
      <Filter>Source Files\BF\Graphics</Filter>
    </ClCompile>
    <ClCompile Include="..\Core\BF\Graphics\Model.cpp">
      <Filter>Source Files\BF\Graphics</Filter>
    </ClCompile>
    <ClCompile Include="..\Core\BF\Graphics\Skybox.cpp">
      <Filter>Source Files\BF\Graphics</Filter>
    </ClCompile>
    <ClCompile Include="..\Core\BF\Graphics\Terrain.cpp">
      <Filter>Source Files\BF\Graphics</Filter>
    </ClCompile>
    <ClCompile Include="..\Core\BF\Graphics\TextureAtlas.cpp">
      <Filter>Source Files\BF\Graphics</Filter>
    </ClCompile>
    <ClCompile Include="..\Core\BF\Graphics\TileMap.cpp">
      <Filter>Source Files\BF\Graphics</Filter>
    </ClCompile>
    <ClCompile Include="..\Core\BF\Graphics\Animation\SpriteAnimation.cpp">
      <Filter>Source Files\BF\Graphics\Animation</Filter>
    </ClCompile>
    <ClCompile Include="..\Core\BF\Graphics\API\ConstentBuffer.cpp">
      <Filter>Source Files\BF\Graphics\API</Filter>
    </ClCompile>
    <ClCompile Include="..\Core\BF\Graphics\API\Context.cpp">
      <Filter>Source Files\BF\Graphics\API</Filter>
    </ClCompile>
    <ClCompile Include="..\Core\BF\Graphics\API\IndexBuffer.cpp">
      <Filter>Source Files\BF\Graphics\API</Filter>
    </ClCompile>
    <ClCompile Include="..\Core\BF\Graphics\API\RenderTarget.cpp">
      <Filter>Source Files\BF\Graphics\API</Filter>
    </ClCompile>
    <ClCompile Include="..\Core\BF\Graphics\API\Shader.cpp">
      <Filter>Source Files\BF\Graphics\API</Filter>
    </ClCompile>
    <ClCompile Include="..\Core\BF\Graphics\API\Texture.cpp">
      <Filter>Source Files\BF\Graphics\API</Filter>
    </ClCompile>
    <ClCompile Include="..\Core\BF\Graphics\API\Texture2D.cpp">
      <Filter>Source Files\BF\Graphics\API</Filter>
    </ClCompile>
    <ClCompile Include="..\Core\BF\Graphics\API\TextureCube.cpp">
      <Filter>Source Files\BF\Graphics\API</Filter>
    </ClCompile>
    <ClCompile Include="..\Core\BF\Graphics\API\VertexBuffer.cpp">
      <Filter>Source Files\BF\Graphics\API</Filter>
    </ClCompile>
    <ClCompile Include="..\Core\BF\Graphics\API\VertexBufferLayout.cpp">
      <Filter>Source Files\BF\Graphics\API</Filter>
    </ClCompile>
    <ClCompile Include="..\Core\BF\Graphics\Fonts\Font.cpp">
      <Filter>Source Files\BF\Graphics\Fonts</Filter>
    </ClCompile>
    <ClCompile Include="..\Core\BF\Graphics\GUI\Button.cpp">
      <Filter>Source Files\BF\Graphics\GUI</Filter>
    </ClCompile>
    <ClCompile Include="..\Core\BF\Graphics\GUI\Checkbox.cpp">
      <Filter>Source Files\BF\Graphics\GUI</Filter>
    </ClCompile>
    <ClCompile Include="..\Core\BF\Graphics\GUI\Panel.cpp">
      <Filter>Source Files\BF\Graphics\GUI</Filter>
    </ClCompile>
    <ClCompile Include="..\Core\BF\Graphics\GUI\Scrollbar.cpp">
      <Filter>Source Files\BF\Graphics\GUI</Filter>
    </ClCompile>
    <ClCompile Include="..\Core\BF\Graphics\GUI\ScrollbarSlider.cpp">
      <Filter>Source Files\BF\Graphics\GUI</Filter>
    </ClCompile>
    <ClCompile Include="..\Core\BF\Graphics\GUI\StyleSheet.cpp">
      <Filter>Source Files\BF\Graphics\GUI</Filter>
    </ClCompile>
    <ClCompile Include="..\Core\BF\Graphics\GUI\Widget.cpp">
      <Filter>Source Files\BF\Graphics\GUI</Filter>
    </ClCompile>
    <ClCompile Include="..\Core\BF\Graphics\GUI\WidgetManager.cpp">
      <Filter>Source Files\BF\Graphics\GUI</Filter>
    </ClCompile>
    <ClCompile Include="..\Core\BF\Graphics\Renderers\LineShape.cpp">
      <Filter>Source Files\BF\Graphics\Renderers</Filter>
    </ClCompile>
    <ClCompile Include="..\Core\BF\Graphics\Renderers\RegularPolygon.cpp">
      <Filter>Source Files\BF\Graphics\Renderers</Filter>
    </ClCompile>
    <ClCompile Include="..\Core\BF\Graphics\Renderers\Renderable.cpp">
      <Filter>Source Files\BF\Graphics\Renderers</Filter>
    </ClCompile>
    <ClCompile Include="..\Core\BF\Graphics\Renderers\Sprite.cpp">
      <Filter>Source Files\BF\Graphics\Renderers</Filter>
    </ClCompile>
    <ClCompile Include="..\Core\BF\Graphics\Renderers\SpriteRenderer.cpp">
      <Filter>Source Files\BF\Graphics\Renderers</Filter>
    </ClCompile>
    <ClCompile Include="..\Core\BF\Platform\WebGL\WEBEngineEntryPoint.cpp">
      <Filter>Source Files\BF\Platform\API\WebGL</Filter>
    </ClCompile>
    <ClCompile Include="..\Core\BF\Platform\WebGL\WEBWindow.cpp">
      <Filter>Source Files\BF\Platform\API\WebGL</Filter>
    </ClCompile>
  </ItemGroup>
</Project>