// !$*UTF8*$!
{
	archiveVersion = 1;
	classes = {
	};
	objectVersion = 48;
	objects = {

/* Begin PBXBuildFile section */
		44C955E2202EC69400D5F760 /* AppDelegate.swift in Sources */ = {isa = PBXBuildFile; fileRef = 44C955E1202EC69400D5F760 /* AppDelegate.swift */; };
		44C955E4202EC69400D5F760 /* Assets.xcassets in Resources */ = {isa = PBXBuildFile; fileRef = 44C955E3202EC69400D5F760 /* Assets.xcassets */; };
		44C955E7202EC69400D5F760 /* MainMenu.xib in Resources */ = {isa = PBXBuildFile; fileRef = 44C955E5202EC69400D5F760 /* MainMenu.xib */; };
		44C95613202F004F00D5F760 /* WrapperObjectCpp.mm in Sources */ = {isa = PBXBuildFile; fileRef = 44C95612202F004F00D5F760 /* WrapperObjectCpp.mm */; };
		44C95625202F0EC200D5F760 /* libTestLib.dylib in Frameworks */ = {isa = PBXBuildFile; fileRef = 44C9560B202EE6B200D5F760 /* libTestLib.dylib */; };
/* End PBXBuildFile section */

/* Begin PBXCopyFilesBuildPhase section */
		44C9561A202F09D300D5F760 /* Embed Libraries */ = {
			isa = PBXCopyFilesBuildPhase;
			buildActionMask = 2147483647;
			dstPath = Users/vivi/Desktop/TestLib/TestLib/Build/Products/Debug;
			dstSubfolderSpec = 10;
			files = (
			);
			name = "Embed Libraries";
			runOnlyForDeploymentPostprocessing = 0;
		};
		44C95628202F0F6D00D5F760 /* Embed Libraries */ = {
			isa = PBXCopyFilesBuildPhase;
			buildActionMask = 2147483647;
			dstPath = "";
			dstSubfolderSpec = 10;
			files = (
			);
			name = "Embed Libraries";
			runOnlyForDeploymentPostprocessing = 0;
		};
/* End PBXCopyFilesBuildPhase section */

/* Begin PBXFileReference section */
		44C955DE202EC69400D5F760 /* CoocaTest.app */ = {isa = PBXFileReference; explicitFileType = wrapper.application; includeInIndex = 0; path = CoocaTest.app; sourceTree = BUILT_PRODUCTS_DIR; };
		44C955E1202EC69400D5F760 /* AppDelegate.swift */ = {isa = PBXFileReference; lastKnownFileType = sourcecode.swift; path = AppDelegate.swift; sourceTree = "<group>"; };
		44C955E3202EC69400D5F760 /* Assets.xcassets */ = {isa = PBXFileReference; lastKnownFileType = folder.assetcatalog; path = Assets.xcassets; sourceTree = "<group>"; };
		44C955E6202EC69400D5F760 /* Base */ = {isa = PBXFileReference; lastKnownFileType = file.xib; name = Base; path = Base.lproj/MainMenu.xib; sourceTree = "<group>"; };
		44C955E8202EC69400D5F760 /* Info.plist */ = {isa = PBXFileReference; lastKnownFileType = text.plist.xml; path = Info.plist; sourceTree = "<group>"; };
		44C955E9202EC69400D5F760 /* CoocaTest.entitlements */ = {isa = PBXFileReference; lastKnownFileType = text.plist.entitlements; path = CoocaTest.entitlements; sourceTree = "<group>"; };
		44C9560B202EE6B200D5F760 /* libTestLib.dylib */ = {isa = PBXFileReference; lastKnownFileType = "compiled.mach-o.dylib"; name = libTestLib.dylib; path = ../../TestLib/TestLib/Build/Products/Debug/libTestLib.dylib; sourceTree = "<group>"; };
		44C95612202F004F00D5F760 /* WrapperObjectCpp.mm */ = {isa = PBXFileReference; lastKnownFileType = sourcecode.cpp.objcpp; path = WrapperObjectCpp.mm; sourceTree = "<group>"; };
		44C95614202F007100D5F760 /* WrapperObjectCpp.h */ = {isa = PBXFileReference; lastKnownFileType = sourcecode.c.h; path = WrapperObjectCpp.h; sourceTree = "<group>"; };
		44C95615202F053C00D5F760 /* CoocaTest-Bridging-Header.h */ = {isa = PBXFileReference; lastKnownFileType = sourcecode.c.h; path = "CoocaTest-Bridging-Header.h"; sourceTree = "<group>"; };
/* End PBXFileReference section */

/* Begin PBXFrameworksBuildPhase section */
		44C955DB202EC69400D5F760 /* Frameworks */ = {
			isa = PBXFrameworksBuildPhase;
			buildActionMask = 2147483647;
			files = (
				44C95625202F0EC200D5F760 /* libTestLib.dylib in Frameworks */,
			);
			runOnlyForDeploymentPostprocessing = 0;
		};
/* End PBXFrameworksBuildPhase section */

/* Begin PBXGroup section */
		44C955D5202EC69400D5F760 = {
			isa = PBXGroup;
			children = (
				44C955E0202EC69400D5F760 /* CoocaTest */,
				44C955DF202EC69400D5F760 /* Products */,
				44C9560A202EE6B200D5F760 /* Frameworks */,
			);
			sourceTree = "<group>";
		};
		44C955DF202EC69400D5F760 /* Products */ = {
			isa = PBXGroup;
			children = (
				44C955DE202EC69400D5F760 /* CoocaTest.app */,
			);
			name = Products;
			sourceTree = "<group>";
		};
		44C955E0202EC69400D5F760 /* CoocaTest */ = {
			isa = PBXGroup;
			children = (
				44C955E1202EC69400D5F760 /* AppDelegate.swift */,
				44C955E3202EC69400D5F760 /* Assets.xcassets */,
				44C955E5202EC69400D5F760 /* MainMenu.xib */,
				44C955E8202EC69400D5F760 /* Info.plist */,
				44C955E9202EC69400D5F760 /* CoocaTest.entitlements */,
				44C95612202F004F00D5F760 /* WrapperObjectCpp.mm */,
				44C95614202F007100D5F760 /* WrapperObjectCpp.h */,
				44C95615202F053C00D5F760 /* CoocaTest-Bridging-Header.h */,
			);
			path = CoocaTest;
			sourceTree = "<group>";
		};
		44C9560A202EE6B200D5F760 /* Frameworks */ = {
			isa = PBXGroup;
			children = (
				44C9560B202EE6B200D5F760 /* libTestLib.dylib */,
			);
			name = Frameworks;
			sourceTree = "<group>";
		};
/* End PBXGroup section */

/* Begin PBXNativeTarget section */
		44C955DD202EC69400D5F760 /* CoocaTest */ = {
			isa = PBXNativeTarget;
			buildConfigurationList = 44C955EC202EC69400D5F760 /* Build configuration list for PBXNativeTarget "CoocaTest" */;
			buildPhases = (
				44C955DA202EC69400D5F760 /* Sources */,
				44C955DB202EC69400D5F760 /* Frameworks */,
				44C955DC202EC69400D5F760 /* Resources */,
				44C9561A202F09D300D5F760 /* Embed Libraries */,
				44C95628202F0F6D00D5F760 /* Embed Libraries */,
			);
			buildRules = (
			);
			dependencies = (
			);
			name = CoocaTest;
			productName = CoocaTest;
			productReference = 44C955DE202EC69400D5F760 /* CoocaTest.app */;
			productType = "com.apple.product-type.application";
		};
/* End PBXNativeTarget section */

/* Begin PBXProject section */
		44C955D6202EC69400D5F760 /* Project object */ = {
			isa = PBXProject;
			attributes = {
				LastSwiftUpdateCheck = 0920;
				LastUpgradeCheck = 0920;
				ORGANIZATIONNAME = TT;
				TargetAttributes = {
					44C955DD202EC69400D5F760 = {
						CreatedOnToolsVersion = 9.2;
						ProvisioningStyle = Automatic;
					};
				};
			};
			buildConfigurationList = 44C955D9202EC69400D5F760 /* Build configuration list for PBXProject "CoocaTest" */;
			compatibilityVersion = "Xcode 8.0";
			developmentRegion = en;
			hasScannedForEncodings = 0;
			knownRegions = (
				en,
				Base,
			);
			mainGroup = 44C955D5202EC69400D5F760;
			productRefGroup = 44C955DF202EC69400D5F760 /* Products */;
			projectDirPath = "";
			projectRoot = "";
			targets = (
				44C955DD202EC69400D5F760 /* CoocaTest */,
			);
		};
/* End PBXProject section */

/* Begin PBXResourcesBuildPhase section */
		44C955DC202EC69400D5F760 /* Resources */ = {
			isa = PBXResourcesBuildPhase;
			buildActionMask = 2147483647;
			files = (
				44C955E4202EC69400D5F760 /* Assets.xcassets in Resources */,
				44C955E7202EC69400D5F760 /* MainMenu.xib in Resources */,
			);
			runOnlyForDeploymentPostprocessing = 0;
		};
/* End PBXResourcesBuildPhase section */

/* Begin PBXSourcesBuildPhase section */
		44C955DA202EC69400D5F760 /* Sources */ = {
			isa = PBXSourcesBuildPhase;
			buildActionMask = 2147483647;
			files = (
				44C95613202F004F00D5F760 /* WrapperObjectCpp.mm in Sources */,
				44C955E2202EC69400D5F760 /* AppDelegate.swift in Sources */,
			);
			runOnlyForDeploymentPostprocessing = 0;
		};
/* End PBXSourcesBuildPhase section */

/* Begin PBXVariantGroup section */
		44C955E5202EC69400D5F760 /* MainMenu.xib */ = {
			isa = PBXVariantGroup;
			children = (
				44C955E6202EC69400D5F760 /* Base */,
			);
			name = MainMenu.xib;
			sourceTree = "<group>";
		};
/* End PBXVariantGroup section */

/* Begin XCBuildConfiguration section */
		44C955EA202EC69400D5F760 /* Debug */ = {
			isa = XCBuildConfiguration;
			buildSettings = {
				ALWAYS_SEARCH_USER_PATHS = NO;
				CLANG_ANALYZER_NONNULL = YES;
				CLANG_ANALYZER_NUMBER_OBJECT_CONVERSION = YES_AGGRESSIVE;
				CLANG_CXX_LANGUAGE_STANDARD = "gnu++14";
				CLANG_CXX_LIBRARY = "libc++";
				CLANG_ENABLE_MODULES = YES;
				CLANG_ENABLE_OBJC_ARC = YES;
				CLANG_WARN_BLOCK_CAPTURE_AUTORELEASING = YES;
				CLANG_WARN_BOOL_CONVERSION = YES;
				CLANG_WARN_COMMA = YES;
				CLANG_WARN_CONSTANT_CONVERSION = YES;
				CLANG_WARN_DIRECT_OBJC_ISA_USAGE = YES_ERROR;
				CLANG_WARN_DOCUMENTATION_COMMENTS = YES;
				CLANG_WARN_EMPTY_BODY = YES;
				CLANG_WARN_ENUM_CONVERSION = YES;
				CLANG_WARN_INFINITE_RECURSION = YES;
				CLANG_WARN_INT_CONVERSION = YES;
				CLANG_WARN_NON_LITERAL_NULL_CONVERSION = YES;
				CLANG_WARN_OBJC_LITERAL_CONVERSION = YES;
				CLANG_WARN_OBJC_ROOT_CLASS = YES_ERROR;
				CLANG_WARN_RANGE_LOOP_ANALYSIS = YES;
				CLANG_WARN_STRICT_PROTOTYPES = YES;
				CLANG_WARN_SUSPICIOUS_MOVE = YES;
				CLANG_WARN_UNGUARDED_AVAILABILITY = YES_AGGRESSIVE;
				CLANG_WARN_UNREACHABLE_CODE = YES;
				CLANG_WARN__DUPLICATE_METHOD_MATCH = YES;
				CODE_SIGN_IDENTITY = "Mac Developer";
				COPY_PHASE_STRIP = NO;
				DEBUG_INFORMATION_FORMAT = dwarf;
				ENABLE_STRICT_OBJC_MSGSEND = YES;
				ENABLE_TESTABILITY = YES;
				FRAMEWORK_SEARCH_PATHS = /Users/vivi/Desktop/TestLib/TestLib/Build/Products/Debug;
				GCC_C_LANGUAGE_STANDARD = gnu11;
				GCC_DYNAMIC_NO_PIC = NO;
				GCC_NO_COMMON_BLOCKS = YES;
				GCC_OPTIMIZATION_LEVEL = 0;
				GCC_PREPROCESSOR_DEFINITIONS = (
					"DEBUG=1",
					"$(inherited)",
				);
				GCC_WARN_64_TO_32_BIT_CONVERSION = YES;
				GCC_WARN_ABOUT_RETURN_TYPE = YES_ERROR;
				GCC_WARN_UNDECLARED_SELECTOR = YES;
				GCC_WARN_UNINITIALIZED_AUTOS = YES_AGGRESSIVE;
				GCC_WARN_UNUSED_FUNCTION = YES;
				GCC_WARN_UNUSED_VARIABLE = YES;
				LD_RUNPATH_SEARCH_PATHS = /Users/vivi/Desktop/TestLib/TestLib/Build/Products/Debug;
				LIBRARY_SEARCH_PATHS = /Users/vivi/Desktop/TestLib/TestLib/Build/Products/Debug;
				MACOSX_DEPLOYMENT_TARGET = 10.13;
				MTL_ENABLE_DEBUG_INFO = YES;
				ONLY_ACTIVE_ARCH = YES;
				SDKROOT = macosx;
				SWIFT_ACTIVE_COMPILATION_CONDITIONS = DEBUG;
				SWIFT_OPTIMIZATION_LEVEL = "-Onone";
			};
			name = Debug;
		};
		44C955EB202EC69400D5F760 /* Release */ = {
			isa = XCBuildConfiguration;
			buildSettings = {
				ALWAYS_SEARCH_USER_PATHS = NO;
				CLANG_ANALYZER_NONNULL = YES;
				CLANG_ANALYZER_NUMBER_OBJECT_CONVERSION = YES_AGGRESSIVE;
				CLANG_CXX_LANGUAGE_STANDARD = "gnu++14";
				CLANG_CXX_LIBRARY = "libc++";
				CLANG_ENABLE_MODULES = YES;
				CLANG_ENABLE_OBJC_ARC = YES;
				CLANG_WARN_BLOCK_CAPTURE_AUTORELEASING = YES;
				CLANG_WARN_BOOL_CONVERSION = YES;
				CLANG_WARN_COMMA = YES;
				CLANG_WARN_CONSTANT_CONVERSION = YES;
				CLANG_WARN_DIRECT_OBJC_ISA_USAGE = YES_ERROR;
				CLANG_WARN_DOCUMENTATION_COMMENTS = YES;
				CLANG_WARN_EMPTY_BODY = YES;
				CLANG_WARN_ENUM_CONVERSION = YES;
				CLANG_WARN_INFINITE_RECURSION = YES;
				CLANG_WARN_INT_CONVERSION = YES;
				CLANG_WARN_NON_LITERAL_NULL_CONVERSION = YES;
				CLANG_WARN_OBJC_LITERAL_CONVERSION = YES;
				CLANG_WARN_OBJC_ROOT_CLASS = YES_ERROR;
				CLANG_WARN_RANGE_LOOP_ANALYSIS = YES;
				CLANG_WARN_STRICT_PROTOTYPES = YES;
				CLANG_WARN_SUSPICIOUS_MOVE = YES;
				CLANG_WARN_UNGUARDED_AVAILABILITY = YES_AGGRESSIVE;
				CLANG_WARN_UNREACHABLE_CODE = YES;
				CLANG_WARN__DUPLICATE_METHOD_MATCH = YES;
				CODE_SIGN_IDENTITY = "Mac Developer";
				COPY_PHASE_STRIP = NO;
				DEBUG_INFORMATION_FORMAT = "dwarf-with-dsym";
				ENABLE_NS_ASSERTIONS = NO;
				ENABLE_STRICT_OBJC_MSGSEND = YES;
				FRAMEWORK_SEARCH_PATHS = /Users/vivi/Desktop/TestLib/TestLib/Build/Products/Debug;
				GCC_C_LANGUAGE_STANDARD = gnu11;
				GCC_NO_COMMON_BLOCKS = YES;
				GCC_WARN_64_TO_32_BIT_CONVERSION = YES;
				GCC_WARN_ABOUT_RETURN_TYPE = YES_ERROR;
				GCC_WARN_UNDECLARED_SELECTOR = YES;
				GCC_WARN_UNINITIALIZED_AUTOS = YES_AGGRESSIVE;
				GCC_WARN_UNUSED_FUNCTION = YES;
				GCC_WARN_UNUSED_VARIABLE = YES;
				LD_RUNPATH_SEARCH_PATHS = /Users/vivi/Desktop/TestLib/TestLib/Build/Products/Debug;
				LIBRARY_SEARCH_PATHS = /Users/vivi/Desktop/TestLib/TestLib/Build/Products/Debug;
				MACOSX_DEPLOYMENT_TARGET = 10.13;
				MTL_ENABLE_DEBUG_INFO = NO;
				SDKROOT = macosx;
				SWIFT_OPTIMIZATION_LEVEL = "-Owholemodule";
			};
			name = Release;
		};
		44C955ED202EC69400D5F760 /* Debug */ = {
			isa = XCBuildConfiguration;
			buildSettings = {
				ALWAYS_SEARCH_USER_PATHS = NO;
				ASSETCATALOG_COMPILER_APPICON_NAME = AppIcon;
				CODE_SIGN_ENTITLEMENTS = CoocaTest/CoocaTest.entitlements;
				CODE_SIGN_STYLE = Automatic;
				COMBINE_HIDPI_IMAGES = YES;
				DEVELOPMENT_TEAM = 57Y33TX73R;
				FRAMEWORK_SEARCH_PATHS = "";
				HEADER_SEARCH_PATHS = /Users/vivi/Desktop/TestLib/TestLib/TestLib;
				INFOPLIST_FILE = CoocaTest/Info.plist;
				LD_DYLIB_INSTALL_NAME = "";
				LD_RUNPATH_SEARCH_PATHS = "@executable_path/../Frameworks /Users/vivi/Desktop/TestLib/TestLib/Build/Products/Debug";
				LIBRARY_SEARCH_PATHS = (
					"$(PROJECT_DIR)",
					/Users/vivi/Desktop/TestLib/TestLib/Build/Products/Debug/,
				);
				OTHER_LIBTOOLFLAGS = "";
				PRODUCT_BUNDLE_IDENTIFIER = TT.CoocaTest;
				PRODUCT_NAME = "$(TARGET_NAME)";
				SWIFT_OBJC_BRIDGING_HEADER = "/Users/vivi/Desktop/TestApp/CoocaTest/CoocaTest/CoocaTest-Bridging-Header.h";
				SWIFT_VERSION = 4.0;
			};
			name = Debug;
		};
		44C955EE202EC69400D5F760 /* Release */ = {
			isa = XCBuildConfiguration;
			buildSettings = {
				ALWAYS_SEARCH_USER_PATHS = NO;
				ASSETCATALOG_COMPILER_APPICON_NAME = AppIcon;
				CODE_SIGN_ENTITLEMENTS = CoocaTest/CoocaTest.entitlements;
				CODE_SIGN_STYLE = Automatic;
				COMBINE_HIDPI_IMAGES = YES;
				DEVELOPMENT_TEAM = 57Y33TX73R;
				FRAMEWORK_SEARCH_PATHS = "";
				HEADER_SEARCH_PATHS = /Users/vivi/Desktop/TestLib/TestLib/TestLib;
				INFOPLIST_FILE = CoocaTest/Info.plist;
				LD_DYLIB_INSTALL_NAME = "";
				LD_RUNPATH_SEARCH_PATHS = "@executable_path/../Frameworks /Users/vivi/Desktop/TestLib/TestLib/Build/Products/Debug";
				LIBRARY_SEARCH_PATHS = (
					"$(PROJECT_DIR)",
					/Users/vivi/Desktop/TestLib/TestLib/Build/Products/Debug/,
				);
				OTHER_LIBTOOLFLAGS = "";
				PRODUCT_BUNDLE_IDENTIFIER = TT.CoocaTest;
				PRODUCT_NAME = "$(TARGET_NAME)";
				SWIFT_OBJC_BRIDGING_HEADER = "/Users/vivi/Desktop/TestApp/CoocaTest/CoocaTest/CoocaTest-Bridging-Header.h";
				SWIFT_VERSION = 4.0;
			};
			name = Release;
		};
/* End XCBuildConfiguration section */

/* Begin XCConfigurationList section */
		44C955D9202EC69400D5F760 /* Build configuration list for PBXProject "CoocaTest" */ = {
			isa = XCConfigurationList;
			buildConfigurations = (
				44C955EA202EC69400D5F760 /* Debug */,
				44C955EB202EC69400D5F760 /* Release */,
			);
			defaultConfigurationIsVisible = 0;
			defaultConfigurationName = Release;
		};
		44C955EC202EC69400D5F760 /* Build configuration list for PBXNativeTarget "CoocaTest" */ = {
			isa = XCConfigurationList;
			buildConfigurations = (
				44C955ED202EC69400D5F760 /* Debug */,
				44C955EE202EC69400D5F760 /* Release */,
			);
			defaultConfigurationIsVisible = 0;
			defaultConfigurationName = Release;
		};
/* End XCConfigurationList section */
	};
	rootObject = 44C955D6202EC69400D5F760 /* Project object */;
}
