<?xml version="1.0" encoding="utf-8"?>
<Project ToolsVersion="4.0" xmlns="http://schemas.microsoft.com/developer/msbuild/2003">
  <ItemGroup>
    <ClCompile Include="JNI.cpp" />
    <ClCompile Include="AndroidTestScene.cpp" />
  </ItemGroup>
  <ItemGroup>
    <ClInclude Include="AndroidTestScene.h" />
  </ItemGroup>
  <ItemGroup>
    <Text Include="Main.cpp" />
  </ItemGroup>
</Project>