<?xml version="1.0" encoding="utf-8"?>
<Project ToolsVersion="4.0" xmlns="http://schemas.microsoft.com/developer/msbuild/2003">
  <ItemGroup>
    <Filter Include="BF">
      <UniqueIdentifier>{67f1fedb-8540-4bca-8739-b151de337cca}</UniqueIdentifier>
    </Filter>
    <Filter Include="BF\Graphics">
      <UniqueIdentifier>{a9a07916-e827-4a83-9c08-1f05b5f09e37}</UniqueIdentifier>
    </Filter>
    <Filter Include="BF\Graphics\API">
      <UniqueIdentifier>{ba4898f8-0a4a-4c9c-87cd-cb86251959c5}</UniqueIdentifier>
    </Filter>
    <Filter Include="BF\IO">
      <UniqueIdentifier>{fe634c43-9989-4b48-8fc4-c80a5e2d983c}</UniqueIdentifier>
    </Filter>
    <Filter Include="BF\System">
      <UniqueIdentifier>{6c8bb01c-c317-4aba-ac00-0d2e5e6bac32}</UniqueIdentifier>
    </Filter>
    <Filter Include="BF\Platform">
      <UniqueIdentifier>{c1d5f222-fc55-4881-b721-567895524b47}</UniqueIdentifier>
    </Filter>
    <Filter Include="BF\Platform\API">
      <UniqueIdentifier>{4cc57fdd-7187-47dc-8b1a-b76646f92d5e}</UniqueIdentifier>
    </Filter>
    <Filter Include="BF\Platform\API\OpenGL">
      <UniqueIdentifier>{69ff74ee-dbac-4320-a0c3-1516e36b193d}</UniqueIdentifier>
    </Filter>
    <Filter Include="BF\Math">
      <UniqueIdentifier>{32697fbb-e4be-477c-bcf7-a5bceee46cc9}</UniqueIdentifier>
    </Filter>
    <Filter Include="BF\Application">
      <UniqueIdentifier>{7d3327af-1578-478e-88ba-8a61bd74708e}</UniqueIdentifier>
    </Filter>
    <Filter Include="BF\Platform\Android">
      <UniqueIdentifier>{8aed0521-c447-4538-83bd-65c53aff2835}</UniqueIdentifier>
    </Filter>
  </ItemGroup>
  <ItemGroup>
    <ClCompile Include="..\Core\BF\Platform\API\OpenGL\GLConstentBuffer.cpp">
      <Filter>BF\Platform\API\OpenGL</Filter>
    </ClCompile>
    <ClCompile Include="..\Core\BF\Platform\API\OpenGL\GLError.cpp">
      <Filter>BF\Platform\API\OpenGL</Filter>
    </ClCompile>
    <ClCompile Include="..\Core\BF\Platform\API\OpenGL\GLIndexBuffer.cpp">
      <Filter>BF\Platform\API\OpenGL</Filter>
    </ClCompile>
    <ClCompile Include="..\Core\BF\Platform\API\OpenGL\GLShader.cpp">
      <Filter>BF\Platform\API\OpenGL</Filter>
    </ClCompile>
    <ClCompile Include="..\Core\BF\Platform\API\OpenGL\GLVertexBuffer.cpp">
      <Filter>BF\Platform\API\OpenGL</Filter>
    </ClCompile>
    <ClCompile Include="..\Core\BF\Platform\API\OpenGL\Context\AContext.cpp">
      <Filter>BF\Platform\API\OpenGL</Filter>
    </ClCompile>
    <ClCompile Include="..\Core\BF\Math\Math.cpp">
      <Filter>BF\Math</Filter>
    </ClCompile>
    <ClCompile Include="..\Core\BF\Math\Matrix4.cpp">
      <Filter>BF\Math</Filter>
    </ClCompile>
    <ClCompile Include="..\Core\BF\Math\Rectangle.cpp">
      <Filter>BF\Math</Filter>
    </ClCompile>
    <ClCompile Include="..\Core\BF\Math\Vector2.cpp">
      <Filter>BF\Math</Filter>
    </ClCompile>
    <ClCompile Include="..\Core\BF\Math\Vector3.cpp">
      <Filter>BF\Math</Filter>
    </ClCompile>
    <ClCompile Include="..\Core\BF\Math\Vector4.cpp">
      <Filter>BF\Math</Filter>
    </ClCompile>
    <ClCompile Include="..\Core\BF\Engine.cpp">
      <Filter>BF</Filter>
    </ClCompile>
    <ClCompile Include="..\Core\BF\Graphics\API\ConstentBuffer.cpp">
      <Filter>BF\Graphics\API</Filter>
    </ClCompile>
    <ClCompile Include="..\Core\BF\Graphics\API\Context.cpp">
      <Filter>BF\Graphics\API</Filter>
    </ClCompile>
    <ClCompile Include="..\Core\BF\Graphics\API\IndexBuffer.cpp">
      <Filter>BF\Graphics\API</Filter>
    </ClCompile>
    <ClCompile Include="..\Core\BF\Graphics\API\Shader.cpp">
      <Filter>BF\Graphics\API</Filter>
    </ClCompile>
    <ClCompile Include="..\Core\BF\Graphics\API\VertexBuffer.cpp">
      <Filter>BF\Graphics\API</Filter>
    </ClCompile>
    <ClCompile Include="..\Core\BF\Graphics\API\VertexBufferLayout.cpp">
      <Filter>BF\Graphics\API</Filter>
    </ClCompile>
    <ClCompile Include="..\Core\BF\IO\FileLoader.cpp">
      <Filter>BF\IO</Filter>
    </ClCompile>
    <ClCompile Include="..\Core\BF\System\Timer.cpp">
      <Filter>BF\System</Filter>
    </ClCompile>
    <ClCompile Include="..\Core\BF\Application\SceneManager.cpp">
      <Filter>BF\Application</Filter>
    </ClCompile>
    <ClCompile Include="..\Core\BF\Application\Window.cpp">
      <Filter>BF\Application</Filter>
    </ClCompile>
    <ClCompile Include="..\Core\BF\Platform\Android\AWindow.cpp">
      <Filter>BF\Platform\Android</Filter>
    </ClCompile>
    <ClCompile Include="..\Core\BF\Platform\Android\JNI.cpp">
      <Filter>BF\Platform\Android</Filter>
    </ClCompile>
    <ClCompile Include="..\Core\BF\Graphics\Camera.cpp">
      <Filter>BF\Graphics</Filter>
    </ClCompile>
    <ClCompile Include="..\Core\BF\Graphics\Color.cpp">
      <Filter>BF\Graphics</Filter>
    </ClCompile>
  </ItemGroup>
  <ItemGroup>
    <ClInclude Include="..\Core\BF\Platform\API\OpenGL\GLConstentBuffer.h">
      <Filter>BF\Platform\API\OpenGL</Filter>
    </ClInclude>
    <ClInclude Include="..\Core\BF\Platform\API\OpenGL\GLError.h">
      <Filter>BF\Platform\API\OpenGL</Filter>
    </ClInclude>
    <ClInclude Include="..\Core\BF\Platform\API\OpenGL\GLIndexBuffer.h">
      <Filter>BF\Platform\API\OpenGL</Filter>
    </ClInclude>
    <ClInclude Include="..\Core\BF\Platform\API\OpenGL\GLShader.h">
      <Filter>BF\Platform\API\OpenGL</Filter>
    </ClInclude>
    <ClInclude Include="..\Core\BF\Platform\API\OpenGL\GLVertexBuffer.h">
      <Filter>BF\Platform\API\OpenGL</Filter>
    </ClInclude>
    <ClInclude Include="..\Core\BF\Platform\API\OpenGL\Context\AContext.h">
      <Filter>BF\Platform\API\OpenGL</Filter>
    </ClInclude>
    <ClInclude Include="..\Core\BF\Math\Math.h">
      <Filter>BF\Math</Filter>
    </ClInclude>
    <ClInclude Include="..\Core\BF\Math\Matrix4.h">
      <Filter>BF\Math</Filter>
    </ClInclude>
    <ClInclude Include="..\Core\BF\Math\Rectangle.h">
      <Filter>BF\Math</Filter>
    </ClInclude>
    <ClInclude Include="..\Core\BF\Math\Vector2.h">
      <Filter>BF\Math</Filter>
    </ClInclude>
    <ClInclude Include="..\Core\BF\Math\Vector3.h">
      <Filter>BF\Math</Filter>
    </ClInclude>
    <ClInclude Include="..\Core\BF\Math\Vector4.h">
      <Filter>BF\Math</Filter>
    </ClInclude>
    <ClInclude Include="..\Core\BF\BlueFlame.h">
      <Filter>BF</Filter>
    </ClInclude>
    <ClInclude Include="..\Core\BF\Common.h">
      <Filter>BF</Filter>
    </ClInclude>
    <ClInclude Include="..\Core\BF\Engine.h">
      <Filter>BF</Filter>
    </ClInclude>
    <ClInclude Include="..\Core\BF\Graphics\API\ConstentBuffer.h">
      <Filter>BF\Graphics\API</Filter>
    </ClInclude>
    <ClInclude Include="..\Core\BF\Graphics\API\Context.h">
      <Filter>BF\Graphics\API</Filter>
    </ClInclude>
    <ClInclude Include="..\Core\BF\Graphics\API\IndexBuffer.h">
      <Filter>BF\Graphics\API</Filter>
    </ClInclude>
    <ClInclude Include="..\Core\BF\Graphics\API\Shader.h">
      <Filter>BF\Graphics\API</Filter>
    </ClInclude>
    <ClInclude Include="..\Core\BF\Graphics\API\VertexBuffer.h">
      <Filter>BF\Graphics\API</Filter>
    </ClInclude>
    <ClInclude Include="..\Core\BF\Graphics\API\VertexBufferLayout.h">
      <Filter>BF\Graphics\API</Filter>
    </ClInclude>
    <ClInclude Include="..\Core\BF\IO\FileLoader.h">
      <Filter>BF\IO</Filter>
    </ClInclude>
    <ClInclude Include="..\Core\BF\System\Log.h">
      <Filter>BF\System</Filter>
    </ClInclude>
    <ClInclude Include="..\Core\BF\System\Timer.h">
      <Filter>BF\System</Filter>
    </ClInclude>
    <ClInclude Include="..\Core\BF\Application\Scene.h">
      <Filter>BF\Application</Filter>
    </ClInclude>
    <ClInclude Include="..\Core\BF\Application\SceneManager.h">
      <Filter>BF\Application</Filter>
    </ClInclude>
    <ClInclude Include="..\Core\BF\Application\Window.h">
      <Filter>BF\Application</Filter>
    </ClInclude>
    <ClInclude Include="..\Core\BF\Application\WindowStyle.h">
      <Filter>BF\Application</Filter>
    </ClInclude>
    <ClInclude Include="..\Core\BF\Platform\Android\AWindow.h">
      <Filter>BF\Platform\Android</Filter>
    </ClInclude>
    <ClInclude Include="..\Core\BF\Platform\Android\JNI.h">
      <Filter>BF\Platform\Android</Filter>
    </ClInclude>
    <ClInclude Include="..\Core\BF\Graphics\Camera.h">
      <Filter>BF\Graphics</Filter>
    </ClInclude>
    <ClInclude Include="..\Core\BF\Graphics\Color.h">
      <Filter>BF\Graphics</Filter>
    </ClInclude>
  </ItemGroup>
</Project>