<?xml version="1.0" encoding="utf-8"?>
<Project ToolsVersion="4.0" xmlns="http://schemas.microsoft.com/developer/msbuild/2003">
  <ItemGroup>
    <Filter Include="Source Files">
      <UniqueIdentifier>{4FC737F1-C7A5-4376-A066-2A32D752A2FF}</UniqueIdentifier>
      <Extensions>cpp;c;cc;cxx;def;odl;idl;hpj;bat;asm;asmx</Extensions>
    </Filter>
    <Filter Include="Header Files">
      <UniqueIdentifier>{93995380-89BD-4b04-88EB-625FBE52EBFB}</UniqueIdentifier>
      <Extensions>h;hh;hpp;hxx;hm;inl;inc;xsd</Extensions>
    </Filter>
    <Filter Include="Resource Files">
      <UniqueIdentifier>{67DA6AB6-F800-4c08-8B7A-83BB121AAD01}</UniqueIdentifier>
      <Extensions>rc;ico;cur;bmp;dlg;rc2;rct;bin;rgs;gif;jpg;jpeg;jpe;resx;tiff;tif;png;wav;mfcribbon-ms</Extensions>
    </Filter>
  </ItemGroup>
  <ItemGroup>
    <ClInclude Include="BF\Common.h">
      <Filter>Header Files</Filter>
    </ClInclude>
    <ClInclude Include="BF\Application\Window.h">
      <Filter>Header Files</Filter>
    </ClInclude>
    <ClInclude Include="BF\Application\WindowStyle.h">
      <Filter>Header Files</Filter>
    </ClInclude>
    <ClInclude Include="BF\Platform\Windows\WINWindow.h">
      <Filter>Header Files</Filter>
    </ClInclude>
    <ClInclude Include="BF\Math\Math.h">
      <Filter>Header Files</Filter>
    </ClInclude>
    <ClInclude Include="BF\Math\Matrix4.h">
      <Filter>Header Files</Filter>
    </ClInclude>
    <ClInclude Include="BF\Math\Rectangle.h">
      <Filter>Header Files</Filter>
    </ClInclude>
    <ClInclude Include="BF\Math\Vector2.h">
      <Filter>Header Files</Filter>
    </ClInclude>
    <ClInclude Include="BF\Math\Vector3.h">
      <Filter>Header Files</Filter>
    </ClInclude>
    <ClInclude Include="BF\Math\Vector4.h">
      <Filter>Header Files</Filter>
    </ClInclude>
    <ClInclude Include="BF\Input\Mouse.h">
      <Filter>Header Files</Filter>
    </ClInclude>
    <ClInclude Include="BF\IO\FileReader.h">
      <Filter>Header Files</Filter>
    </ClInclude>
    <ClInclude Include="BF\Platform\Linux\LXWindow.h">
      <Filter>Header Files</Filter>
    </ClInclude>
    <ClInclude Include="BF\Platform\API\OpenGL\Context\WINGLContext.h">
      <Filter>Header Files</Filter>
    </ClInclude>
    <ClInclude Include="BF\Platform\API\OpenGL\Context\LXGLContext.h">
      <Filter>Header Files</Filter>
    </ClInclude>
    <ClInclude Include="BF\Platform\API\DirectX\DXContext.h">
      <Filter>Header Files</Filter>
    </ClInclude>
    <ClInclude Include="BF\Graphics\API\Context.h">
      <Filter>Header Files</Filter>
    </ClInclude>
    <ClInclude Include="BF\Platform\API\DirectX\DXShader.h">
      <Filter>Header Files</Filter>
    </ClInclude>
    <ClInclude Include="BF\Platform\API\OpenGL\GLShader.h">
      <Filter>Header Files</Filter>
    </ClInclude>
    <ClInclude Include="BF\Graphics\API\Shader.h">
      <Filter>Header Files</Filter>
    </ClInclude>
    <ClInclude Include="BF\Platform\API\DirectX\DXVertexBuffer.h">
      <Filter>Header Files</Filter>
    </ClInclude>
    <ClInclude Include="BF\Platform\API\OpenGL\GLVertexBuffer.h">
      <Filter>Header Files</Filter>
    </ClInclude>
    <ClInclude Include="BF\Platform\API\DirectX\DXConstentBuffer.h">
      <Filter>Header Files</Filter>
    </ClInclude>
    <ClInclude Include="BF\Graphics\API\ConstentBuffer.h">
      <Filter>Header Files</Filter>
    </ClInclude>
    <ClInclude Include="BF\Graphics\API\VertexBuffer.h">
      <Filter>Header Files</Filter>
    </ClInclude>
    <ClInclude Include="BF\Platform\API\OpenGL\GLConstentBuffer.h">
      <Filter>Header Files</Filter>
    </ClInclude>
    <ClInclude Include="BF\Platform\API\OpenGL\Context\WEBGLContext.h">
      <Filter>Header Files</Filter>
    </ClInclude>
    <ClInclude Include="BF\Platform\WebGL\WEBWindow.h">
      <Filter>Header Files</Filter>
    </ClInclude>
    <ClInclude Include="BF\IO\ImageReader.h">
      <Filter>Header Files</Filter>
    </ClInclude>
    <ClInclude Include="BF\Platform\API\OpenGL\GLTexture2D.h">
      <Filter>Header Files</Filter>
    </ClInclude>
    <ClInclude Include="BF\Graphics\API\Texture2D.h">
      <Filter>Header Files</Filter>
    </ClInclude>
    <ClInclude Include="BF\Platform\API\DirectX\DXTexture2D.h">
      <Filter>Header Files</Filter>
    </ClInclude>
    <ClInclude Include="BF\Platform\API\OpenGL\GLIndexBuffer.h">
      <Filter>Header Files</Filter>
    </ClInclude>
    <ClInclude Include="BF\Graphics\API\IndexBuffer.h">
      <Filter>Header Files</Filter>
    </ClInclude>
    <ClInclude Include="BF\Platform\API\DirectX\DXIndexBuffer.h">
      <Filter>Header Files</Filter>
    </ClInclude>
    <ClInclude Include="BF\Graphics\API\VertexBufferLayout.h">
      <Filter>Header Files</Filter>
    </ClInclude>
    <ClInclude Include="BF\IO\OBJReader.h">
      <Filter>Header Files</Filter>
    </ClInclude>
    <ClInclude Include="BF\Graphics\Mesh.h">
      <Filter>Header Files</Filter>
    </ClInclude>
    <ClInclude Include="BF\Graphics\Model.h">
      <Filter>Header Files</Filter>
    </ClInclude>
  </ItemGroup>
  <ItemGroup>
    <ClCompile Include="BF\Application\Window.cpp">
      <Filter>Source Files</Filter>
    </ClCompile>
    <ClCompile Include="BF\Platform\Windows\WINWindow.cpp">
      <Filter>Source Files</Filter>
    </ClCompile>
    <ClCompile Include="BF\Math\Matrix4.cpp">
      <Filter>Source Files</Filter>
    </ClCompile>
    <ClCompile Include="BF\Input\Mouse.cpp">
      <Filter>Source Files</Filter>
    </ClCompile>
    <ClCompile Include="BF\Platform\Linux\LXWindow.cpp">
      <Filter>Source Files</Filter>
    </ClCompile>
    <ClCompile Include="BF\Platform\API\OpenGL\Context\WINGLContext.cpp">
      <Filter>Source Files</Filter>
    </ClCompile>
    <ClCompile Include="BF\Platform\API\OpenGL\Context\LXGLContext.cpp">
      <Filter>Source Files</Filter>
    </ClCompile>
    <ClCompile Include="BF\Platform\API\DirectX\DXContext.cpp">
      <Filter>Source Files</Filter>
    </ClCompile>
    <ClCompile Include="BF\Graphics\API\Context.cpp">
      <Filter>Source Files</Filter>
    </ClCompile>
    <ClCompile Include="BF\Platform\API\DirectX\DXShader.cpp">
      <Filter>Source Files</Filter>
    </ClCompile>
    <ClCompile Include="BF\Platform\API\OpenGL\GLShader.cpp">
      <Filter>Source Files</Filter>
    </ClCompile>
    <ClCompile Include="BF\Graphics\API\Shader.cpp">
      <Filter>Source Files</Filter>
    </ClCompile>
    <ClCompile Include="BF\Platform\API\DirectX\DXVertexBuffer.cpp">
      <Filter>Source Files</Filter>
    </ClCompile>
    <ClCompile Include="BF\Platform\API\OpenGL\GLVertexBuffer.cpp">
      <Filter>Source Files</Filter>
    </ClCompile>
    <ClCompile Include="BF\Platform\API\DirectX\DXConstentBuffer.cpp">
      <Filter>Source Files</Filter>
    </ClCompile>
    <ClCompile Include="BF\Graphics\API\ConstentBuffer.cpp">
      <Filter>Source Files</Filter>
    </ClCompile>
    <ClCompile Include="BF\Graphics\API\VertexBuffer.cpp">
      <Filter>Source Files</Filter>
    </ClCompile>
    <ClCompile Include="BF\Platform\API\OpenGL\GLConstentBuffer.cpp">
      <Filter>Source Files</Filter>
    </ClCompile>
    <ClCompile Include="BF\Platform\API\OpenGL\Context\WEBGLContext.cpp">
      <Filter>Source Files</Filter>
    </ClCompile>
    <ClCompile Include="BF\Platform\WebGL\WEBWindow.cpp">
      <Filter>Source Files</Filter>
    </ClCompile>
    <ClCompile Include="BF\IO\FileReader.cpp">
      <Filter>Source Files</Filter>
    </ClCompile>
    <ClCompile Include="BF\IO\ImageReader.cpp">
      <Filter>Source Files</Filter>
    </ClCompile>
    <ClCompile Include="BF\Platform\API\OpenGL\GLTexture2D.cpp">
      <Filter>Source Files</Filter>
    </ClCompile>
    <ClCompile Include="BF\Graphics\API\Texture2D.cpp">
      <Filter>Source Files</Filter>
    </ClCompile>
    <ClCompile Include="BF\Platform\API\DirectX\DXTexture2D.cpp">
      <Filter>Source Files</Filter>
    </ClCompile>
    <ClCompile Include="BF\Platform\API\OpenGL\GLIndexBuffer.cpp">
      <Filter>Source Files</Filter>
    </ClCompile>
    <ClCompile Include="BF\Graphics\API\IndexBuffer.cpp">
      <Filter>Source Files</Filter>
    </ClCompile>
    <ClCompile Include="BF\Platform\API\DirectX\DXIndexBuffer.cpp">
      <Filter>Source Files</Filter>
    </ClCompile>
    <ClCompile Include="BF\Graphics\API\VertexBufferLayout.cpp">
      <Filter>Source Files</Filter>
    </ClCompile>
    <ClCompile Include="BF\IO\OBJReader.cpp">
      <Filter>Source Files</Filter>
    </ClCompile>
    <ClCompile Include="BF\Graphics\Mesh.cpp">
      <Filter>Source Files</Filter>
    </ClCompile>
    <ClCompile Include="BF\Graphics\Model.cpp">
      <Filter>Source Files</Filter>
    </ClCompile>
  </ItemGroup>
</Project>