<?xml version="1.0" encoding="utf-8"?>
<Project ToolsVersion="4.0" xmlns="http://schemas.microsoft.com/developer/msbuild/2003">
  <ItemGroup>
    <Filter Include="Source Files">
      <UniqueIdentifier>{4FC737F1-C7A5-4376-A066-2A32D752A2FF}</UniqueIdentifier>
      <Extensions>cpp;c;cc;cxx;def;odl;idl;hpj;bat;asm;asmx</Extensions>
    </Filter>
    <Filter Include="Header Files">
      <UniqueIdentifier>{93995380-89BD-4b04-88EB-625FBE52EBFB}</UniqueIdentifier>
      <Extensions>h;hh;hpp;hxx;hm;inl;inc;xsd</Extensions>
    </Filter>
    <Filter Include="Resource Files">
      <UniqueIdentifier>{67DA6AB6-F800-4c08-8B7A-83BB121AAD01}</UniqueIdentifier>
      <Extensions>rc;ico;cur;bmp;dlg;rc2;rct;bin;rgs;gif;jpg;jpeg;jpe;resx;tiff;tif;png;wav;mfcribbon-ms</Extensions>
    </Filter>
  </ItemGroup>
  <ItemGroup>
    <ClCompile Include="BF\Platform\API\OpenGL\GLContext.cpp">
      <Filter>Source Files</Filter>
    </ClCompile>
    <ClCompile Include="BF\Platform\API\OpenGL\GLError.cpp">
      <Filter>Source Files</Filter>
    </ClCompile>
    <ClCompile Include="BF\Math\Math.cpp">
      <Filter>Source Files</Filter>
    </ClCompile>
    <ClCompile Include="BF\Math\Matrix4.cpp">
      <Filter>Source Files</Filter>
    </ClCompile>
    <ClCompile Include="BF\Math\Rectangle.cpp">
      <Filter>Source Files</Filter>
    </ClCompile>
    <ClCompile Include="BF\Math\Vector2.cpp">
      <Filter>Source Files</Filter>
    </ClCompile>
    <ClCompile Include="BF\Math\Vector3.cpp">
      <Filter>Source Files</Filter>
    </ClCompile>
    <ClCompile Include="BF\Math\Vector4.cpp">
      <Filter>Source Files</Filter>
    </ClCompile>
    <ClCompile Include="BF\Graphics\Color.cpp">
      <Filter>Source Files</Filter>
    </ClCompile>
    <ClCompile Include="BF\Platform\API\OpenGL\Context\WINGLContext.cpp">
      <Filter>Source Files</Filter>
    </ClCompile>
    <ClCompile Include="BF\Audio\Sound.cpp">
      <Filter>Source Files</Filter>
    </ClCompile>
    <ClCompile Include="BF\Audio\SoundManager.cpp">
      <Filter>Source Files</Filter>
    </ClCompile>
    <ClCompile Include="BF\IO\WAVLoader.cpp">
      <Filter>Source Files</Filter>
    </ClCompile>
    <ClCompile Include="BF\IO\FileLoader.cpp">
      <Filter>Source Files</Filter>
    </ClCompile>
    <ClCompile Include="BF\Platform\API\OpenGL\GLVertexBuffer.cpp">
      <Filter>Source Files</Filter>
    </ClCompile>
    <ClCompile Include="BF\Platform\API\OpenGL\GLShader.cpp">
      <Filter>Source Files</Filter>
    </ClCompile>
    <ClCompile Include="BF\Platform\API\OpenGL\GLIndexBuffer.cpp">
      <Filter>Source Files</Filter>
    </ClCompile>
    <ClCompile Include="BF\Graphics\API\VertexBufferLayout.cpp">
      <Filter>Source Files</Filter>
    </ClCompile>
    <ClCompile Include="BF\Graphics\API\VertexBuffer.cpp">
      <Filter>Source Files</Filter>
    </ClCompile>
    <ClCompile Include="BF\Graphics\API\IndexBuffer.cpp">
      <Filter>Source Files</Filter>
    </ClCompile>
    <ClCompile Include="BF\Graphics\API\Context.cpp">
      <Filter>Source Files</Filter>
    </ClCompile>
    <ClCompile Include="BF\Platform\API\DirectX\DXContext.cpp">
      <Filter>Source Files</Filter>
    </ClCompile>
    <ClCompile Include="BF\Platform\API\DirectX\DXError.cpp">
      <Filter>Source Files</Filter>
    </ClCompile>
    <ClCompile Include="BF\Platform\API\DirectX\DXIndexBuffer.cpp">
      <Filter>Source Files</Filter>
    </ClCompile>
    <ClCompile Include="BF\Platform\API\DirectX\DXShader.cpp">
      <Filter>Source Files</Filter>
    </ClCompile>
    <ClCompile Include="BF\Platform\API\DirectX\DXTexture2D.cpp">
      <Filter>Source Files</Filter>
    </ClCompile>
    <ClCompile Include="BF\Platform\API\DirectX\DXVertexBuffer.cpp">
      <Filter>Source Files</Filter>
    </ClCompile>
    <ClCompile Include="BF\Platform\Windows\WINEngineEntryPoint.cpp">
      <Filter>Source Files</Filter>
    </ClCompile>
    <ClCompile Include="BF\Platform\Windows\WINWindow.cpp">
      <Filter>Source Files</Filter>
    </ClCompile>
    <ClCompile Include="BF\Engine.cpp">
      <Filter>Source Files</Filter>
    </ClCompile>
    <ClCompile Include="BF\Application\Window.cpp">
      <Filter>Source Files</Filter>
    </ClCompile>
    <ClCompile Include="BF\Input\Controller.cpp">
      <Filter>Source Files</Filter>
    </ClCompile>
    <ClCompile Include="BF\Input\Keyboard.cpp">
      <Filter>Source Files</Filter>
    </ClCompile>
    <ClCompile Include="BF\Input\Mouse.cpp">
      <Filter>Source Files</Filter>
    </ClCompile>
    <ClCompile Include="BF\System\Timer.cpp">
      <Filter>Source Files</Filter>
    </ClCompile>
    <ClCompile Include="BF\Graphics\GUI\Button.cpp">
      <Filter>Source Files</Filter>
    </ClCompile>
    <ClCompile Include="BF\Graphics\GUI\Checkbox.cpp">
      <Filter>Source Files</Filter>
    </ClCompile>
    <ClCompile Include="BF\Graphics\GUI\Panel.cpp">
      <Filter>Source Files</Filter>
    </ClCompile>
    <ClCompile Include="BF\Graphics\GUI\Scrollbar.cpp">
      <Filter>Source Files</Filter>
    </ClCompile>
    <ClCompile Include="BF\Graphics\GUI\ScrollbarSlider.cpp">
      <Filter>Source Files</Filter>
    </ClCompile>
    <ClCompile Include="BF\Graphics\GUI\StyleSheet.cpp">
      <Filter>Source Files</Filter>
    </ClCompile>
    <ClCompile Include="BF\Graphics\GUI\Widget.cpp">
      <Filter>Source Files</Filter>
    </ClCompile>
    <ClCompile Include="BF\Graphics\GUI\WidgetManager.cpp">
      <Filter>Source Files</Filter>
    </ClCompile>
    <ClCompile Include="BF\Graphics\FPSCamera.cpp">
      <Filter>Source Files</Filter>
    </ClCompile>
    <ClCompile Include="BF\Graphics\Light.cpp">
      <Filter>Source Files</Filter>
    </ClCompile>
    <ClCompile Include="BF\Graphics\Material.cpp">
      <Filter>Source Files</Filter>
    </ClCompile>
    <ClCompile Include="BF\Graphics\Mesh.cpp">
      <Filter>Source Files</Filter>
    </ClCompile>
    <ClCompile Include="BF\Graphics\Model.cpp">
      <Filter>Source Files</Filter>
    </ClCompile>
    <ClCompile Include="BF\Graphics\Skybox.cpp">
      <Filter>Source Files</Filter>
    </ClCompile>
    <ClCompile Include="BF\Graphics\Terrain.cpp">
      <Filter>Source Files</Filter>
    </ClCompile>
    <ClCompile Include="BF\Graphics\TextureAtlas.cpp">
      <Filter>Source Files</Filter>
    </ClCompile>
    <ClCompile Include="BF\Graphics\TileMap.cpp">
      <Filter>Source Files</Filter>
    </ClCompile>
    <ClCompile Include="BF\Graphics\Camera.cpp">
      <Filter>Source Files</Filter>
    </ClCompile>
    <ClCompile Include="BF\Graphics\API\RenderTarget.cpp">
      <Filter>Source Files</Filter>
    </ClCompile>
    <ClCompile Include="BF\Graphics\API\Shader.cpp">
      <Filter>Source Files</Filter>
    </ClCompile>
    <ClCompile Include="BF\Graphics\API\Texture.cpp">
      <Filter>Source Files</Filter>
    </ClCompile>
    <ClCompile Include="BF\Graphics\API\Texture2D.cpp">
      <Filter>Source Files</Filter>
    </ClCompile>
    <ClCompile Include="BF\Graphics\API\TextureCube.cpp">
      <Filter>Source Files</Filter>
    </ClCompile>
    <ClCompile Include="BF\Platform\API\OpenGL\GLTexture2D.cpp">
      <Filter>Source Files</Filter>
    </ClCompile>
    <ClCompile Include="BF\Platform\API\OpenGL\GLTextureCube.cpp">
      <Filter>Source Files</Filter>
    </ClCompile>
    <ClCompile Include="BF\Platform\API\OpenGL\GLFramebuffer.cpp">
      <Filter>Source Files</Filter>
    </ClCompile>
    <ClCompile Include="BF\Application\Scene.cpp">
      <Filter>Source Files</Filter>
    </ClCompile>
    <ClCompile Include="BF\Application\SceneManager.cpp">
      <Filter>Source Files</Filter>
    </ClCompile>
    <ClCompile Include="BF\IO\BFALoader.cpp">
      <Filter>Source Files</Filter>
    </ClCompile>
    <ClCompile Include="BF\IO\BFMLoader.cpp">
      <Filter>Source Files</Filter>
    </ClCompile>
    <ClCompile Include="BF\IO\BFXLoader.cpp">
      <Filter>Source Files</Filter>
    </ClCompile>
    <ClCompile Include="BF\IO\ImageLoader.cpp">
      <Filter>Source Files</Filter>
    </ClCompile>
    <ClCompile Include="BF\Graphics\Animation\SpriteAnimation.cpp">
      <Filter>Source Files</Filter>
    </ClCompile>
    <ClCompile Include="BF\AI\Waypoint.cpp">
      <Filter>Source Files</Filter>
    </ClCompile>
    <ClCompile Include="BF\Graphics\API\ConstantBuffer.cpp">
      <Filter>Source Files</Filter>
    </ClCompile>
    <ClCompile Include="BF\Platform\API\DirectX\DXConstantBuffer.cpp">
      <Filter>Source Files</Filter>
    </ClCompile>
    <ClCompile Include="BF\Platform\API\OpenGL\GLConstantBuffer.cpp">
      <Filter>Source Files</Filter>
    </ClCompile>
    <ClCompile Include="BF\Graphics\Renderers\SpriteRenderer\LineShape.cpp">
      <Filter>Source Files</Filter>
    </ClCompile>
    <ClCompile Include="BF\Graphics\Renderers\SpriteRenderer\RegularPolygon.cpp">
      <Filter>Source Files</Filter>
    </ClCompile>
    <ClCompile Include="BF\Graphics\Renderers\SpriteRenderer\Renderable.cpp">
      <Filter>Source Files</Filter>
    </ClCompile>
    <ClCompile Include="BF\Graphics\Renderers\SpriteRenderer\Sprite.cpp">
      <Filter>Source Files</Filter>
    </ClCompile>
    <ClCompile Include="BF\Graphics\Renderers\SpriteRenderer\SpriteRenderer.cpp">
      <Filter>Source Files</Filter>
    </ClCompile>
    <ClCompile Include="BF\Graphics\Renderers\ForwardRenderer\ForwardRenderer.cpp">
      <Filter>Source Files</Filter>
    </ClCompile>
    <ClCompile Include="BF\Graphics\Fonts\FontAtlasFactory.cpp">
      <Filter>Source Files</Filter>
    </ClCompile>
    <ClCompile Include="BF\Graphics\Fonts\Font.cpp">
      <Filter>Source Files</Filter>
    </ClCompile>
    <ClCompile Include="BF\Graphics\GUI\Label.cpp">
      <Filter>Source Files</Filter>
    </ClCompile>
    <ClCompile Include="BF\Graphics\Renderers\SpriteRenderer\Text.cpp">
      <Filter>Source Files</Filter>
    </ClCompile>
  </ItemGroup>
  <ItemGroup>
    <ClInclude Include="BF\Common.h">
      <Filter>Header Files</Filter>
    </ClInclude>
    <ClInclude Include="BF\Graphics\Tile.h">
      <Filter>Header Files</Filter>
    </ClInclude>
    <ClInclude Include="BF\IO\FileFormats\BFAFormat.h">
      <Filter>Header Files</Filter>
    </ClInclude>
    <ClInclude Include="BF\IO\FileFormats\BFMFormat.h">
      <Filter>Header Files</Filter>
    </ClInclude>
    <ClInclude Include="BF\IO\FileFormats\BFXFormat.h">
      <Filter>Header Files</Filter>
    </ClInclude>
    <ClInclude Include="BF\Platform\API\OpenGL\GLContext.h">
      <Filter>Header Files</Filter>
    </ClInclude>
    <ClInclude Include="BF\Platform\API\OpenGL\GLError.h">
      <Filter>Header Files</Filter>
    </ClInclude>
    <ClInclude Include="BF\System\Log.h">
      <Filter>Header Files</Filter>
    </ClInclude>
    <ClInclude Include="BF\Math\Math.h">
      <Filter>Header Files</Filter>
    </ClInclude>
    <ClInclude Include="BF\Math\Matrix4.h">
      <Filter>Header Files</Filter>
    </ClInclude>
    <ClInclude Include="BF\Math\Rectangle.h">
      <Filter>Header Files</Filter>
    </ClInclude>
    <ClInclude Include="BF\Math\Vector2.h">
      <Filter>Header Files</Filter>
    </ClInclude>
    <ClInclude Include="BF\Math\Vector3.h">
      <Filter>Header Files</Filter>
    </ClInclude>
    <ClInclude Include="BF\Math\Vector4.h">
      <Filter>Header Files</Filter>
    </ClInclude>
    <ClInclude Include="BF\Graphics\Color.h">
      <Filter>Header Files</Filter>
    </ClInclude>
    <ClInclude Include="BF\Platform\API\OpenGL\Context\WINGLContext.h">
      <Filter>Header Files</Filter>
    </ClInclude>
    <ClInclude Include="BF\Audio\Sound.h">
      <Filter>Header Files</Filter>
    </ClInclude>
    <ClInclude Include="BF\Audio\SoundManager.h">
      <Filter>Header Files</Filter>
    </ClInclude>
    <ClInclude Include="BF\IO\WAVLoader.h">
      <Filter>Header Files</Filter>
    </ClInclude>
    <ClInclude Include="BF\IO\FileLoader.h">
      <Filter>Header Files</Filter>
    </ClInclude>
    <ClInclude Include="BF\Platform\API\OpenGL\GLVertexBuffer.h">
      <Filter>Header Files</Filter>
    </ClInclude>
    <ClInclude Include="BF\Platform\API\OpenGL\GLShader.h">
      <Filter>Header Files</Filter>
    </ClInclude>
    <ClInclude Include="BF\Platform\API\OpenGL\GLIndexBuffer.h">
      <Filter>Header Files</Filter>
    </ClInclude>
    <ClInclude Include="BF\Graphics\API\VertexBufferLayout.h">
      <Filter>Header Files</Filter>
    </ClInclude>
    <ClInclude Include="BF\Graphics\API\VertexBuffer.h">
      <Filter>Header Files</Filter>
    </ClInclude>
    <ClInclude Include="BF\Graphics\API\IndexBuffer.h">
      <Filter>Header Files</Filter>
    </ClInclude>
    <ClInclude Include="BF\Graphics\API\Context.h">
      <Filter>Header Files</Filter>
    </ClInclude>
    <ClInclude Include="BF\Platform\API\DirectX\DXContext.h">
      <Filter>Header Files</Filter>
    </ClInclude>
    <ClInclude Include="BF\Platform\API\DirectX\DXError.h">
      <Filter>Header Files</Filter>
    </ClInclude>
    <ClInclude Include="BF\Platform\API\DirectX\DXIndexBuffer.h">
      <Filter>Header Files</Filter>
    </ClInclude>
    <ClInclude Include="BF\Platform\API\DirectX\DXShader.h">
      <Filter>Header Files</Filter>
    </ClInclude>
    <ClInclude Include="BF\Platform\API\DirectX\DXTexture2D.h">
      <Filter>Header Files</Filter>
    </ClInclude>
    <ClInclude Include="BF\Platform\API\DirectX\DXVertexBuffer.h">
      <Filter>Header Files</Filter>
    </ClInclude>
    <ClInclude Include="BF\Platform\Windows\WINWindow.h">
      <Filter>Header Files</Filter>
    </ClInclude>
    <ClInclude Include="BF\Platform\Windows\WINEngineEntryPoint.h">
      <Filter>Header Files</Filter>
    </ClInclude>
    <ClInclude Include="BF\Engine.h">
      <Filter>Header Files</Filter>
    </ClInclude>
    <ClInclude Include="BF\Application\WindowStyle.h">
      <Filter>Header Files</Filter>
    </ClInclude>
    <ClInclude Include="BF\Application\Window.h">
      <Filter>Header Files</Filter>
    </ClInclude>
    <ClInclude Include="BF\Input\Mouse.h">
      <Filter>Header Files</Filter>
    </ClInclude>
    <ClInclude Include="BF\Input\Controller.h">
      <Filter>Header Files</Filter>
    </ClInclude>
    <ClInclude Include="BF\Input\Keyboard.h">
      <Filter>Header Files</Filter>
    </ClInclude>
    <ClInclude Include="BF\System\Timer.h">
      <Filter>Header Files</Filter>
    </ClInclude>
    <ClInclude Include="BF\Graphics\GUI\Button.h">
      <Filter>Header Files</Filter>
    </ClInclude>
    <ClInclude Include="BF\Graphics\GUI\Checkbox.h">
      <Filter>Header Files</Filter>
    </ClInclude>
    <ClInclude Include="BF\Graphics\GUI\Panel.h">
      <Filter>Header Files</Filter>
    </ClInclude>
    <ClInclude Include="BF\Graphics\GUI\Scrollbar.h">
      <Filter>Header Files</Filter>
    </ClInclude>
    <ClInclude Include="BF\Graphics\GUI\ScrollbarSlider.h">
      <Filter>Header Files</Filter>
    </ClInclude>
    <ClInclude Include="BF\Graphics\GUI\StyleSheet.h">
      <Filter>Header Files</Filter>
    </ClInclude>
    <ClInclude Include="BF\Graphics\GUI\Widget.h">
      <Filter>Header Files</Filter>
    </ClInclude>
    <ClInclude Include="BF\Graphics\GUI\WidgetManager.h">
      <Filter>Header Files</Filter>
    </ClInclude>
    <ClInclude Include="BF\Graphics\TileMap.h">
      <Filter>Header Files</Filter>
    </ClInclude>
    <ClInclude Include="BF\Graphics\FPSCamera.h">
      <Filter>Header Files</Filter>
    </ClInclude>
    <ClInclude Include="BF\Graphics\Light.h">
      <Filter>Header Files</Filter>
    </ClInclude>
    <ClInclude Include="BF\Graphics\Material.h">
      <Filter>Header Files</Filter>
    </ClInclude>
    <ClInclude Include="BF\Graphics\Mesh.h">
      <Filter>Header Files</Filter>
    </ClInclude>
    <ClInclude Include="BF\Graphics\Model.h">
      <Filter>Header Files</Filter>
    </ClInclude>
    <ClInclude Include="BF\Graphics\Skybox.h">
      <Filter>Header Files</Filter>
    </ClInclude>
    <ClInclude Include="BF\Graphics\Terrain.h">
      <Filter>Header Files</Filter>
    </ClInclude>
    <ClInclude Include="BF\Graphics\TextureAtlas.h">
      <Filter>Header Files</Filter>
    </ClInclude>
    <ClInclude Include="BF\Graphics\TileData.h">
      <Filter>Header Files</Filter>
    </ClInclude>
    <ClInclude Include="BF\Graphics\Camera.h">
      <Filter>Header Files</Filter>
    </ClInclude>
    <ClInclude Include="BF\Graphics\Fonts\FontAtlas.h">
      <Filter>Header Files</Filter>
    </ClInclude>
    <ClInclude Include="BF\Graphics\Fonts\Character.h">
      <Filter>Header Files</Filter>
    </ClInclude>
    <ClInclude Include="BF\Graphics\API\RenderTarget.h">
      <Filter>Header Files</Filter>
    </ClInclude>
    <ClInclude Include="BF\Graphics\API\Shader.h">
      <Filter>Header Files</Filter>
    </ClInclude>
    <ClInclude Include="BF\Graphics\API\Texture.h">
      <Filter>Header Files</Filter>
    </ClInclude>
    <ClInclude Include="BF\Graphics\API\Texture2D.h">
      <Filter>Header Files</Filter>
    </ClInclude>
    <ClInclude Include="BF\Graphics\API\TextureCube.h">
      <Filter>Header Files</Filter>
    </ClInclude>
    <ClInclude Include="BF\Platform\API\OpenGL\GLTextureCube.h">
      <Filter>Header Files</Filter>
    </ClInclude>
    <ClInclude Include="BF\Platform\API\OpenGL\GLTexture2D.h">
      <Filter>Header Files</Filter>
    </ClInclude>
    <ClInclude Include="BF\Platform\API\OpenGL\GLFramebuffer.h">
      <Filter>Header Files</Filter>
    </ClInclude>
    <ClInclude Include="BF\BlueFlame.h">
      <Filter>Header Files</Filter>
    </ClInclude>
    <ClInclude Include="BF\Application\Scene.h">
      <Filter>Header Files</Filter>
    </ClInclude>
    <ClInclude Include="BF\Application\SceneManager.h">
      <Filter>Header Files</Filter>
    </ClInclude>
    <ClInclude Include="BF\IO\BFALoader.h">
      <Filter>Header Files</Filter>
    </ClInclude>
    <ClInclude Include="BF\IO\BFMLoader.h">
      <Filter>Header Files</Filter>
    </ClInclude>
    <ClInclude Include="BF\IO\BFXLoader.h">
      <Filter>Header Files</Filter>
    </ClInclude>
    <ClInclude Include="BF\IO\ImageLoader.h">
      <Filter>Header Files</Filter>
    </ClInclude>
    <ClInclude Include="BF\Graphics\Animation\SpriteAnimation.h">
      <Filter>Header Files</Filter>
    </ClInclude>
    <ClInclude Include="BF\AI\Waypoint.h">
      <Filter>Header Files</Filter>
    </ClInclude>
    <ClInclude Include="BF\Platform\API\OpenGL\GLCommon.h">
      <Filter>Header Files</Filter>
    </ClInclude>
    <ClInclude Include="BF\Graphics\API\ConstantBuffer.h">
      <Filter>Header Files</Filter>
    </ClInclude>
    <ClInclude Include="BF\Platform\API\DirectX\DXConstantBuffer.h">
      <Filter>Header Files</Filter>
    </ClInclude>
    <ClInclude Include="BF\Platform\API\OpenGL\GLConstantBuffer.h">
      <Filter>Header Files</Filter>
    </ClInclude>
    <ClInclude Include="BF\Graphics\Renderers\SpriteRenderer\SpriteRenderer.h">
      <Filter>Header Files</Filter>
    </ClInclude>
    <ClInclude Include="BF\Graphics\Renderers\SpriteRenderer\LineShape.h">
      <Filter>Header Files</Filter>
    </ClInclude>
    <ClInclude Include="BF\Graphics\Renderers\SpriteRenderer\RegularPolygon.h">
      <Filter>Header Files</Filter>
    </ClInclude>
    <ClInclude Include="BF\Graphics\Renderers\SpriteRenderer\Renderable.h">
      <Filter>Header Files</Filter>
    </ClInclude>
    <ClInclude Include="BF\Graphics\Renderers\SpriteRenderer\Sprite.h">
      <Filter>Header Files</Filter>
    </ClInclude>
    <ClInclude Include="BF\Graphics\Renderers\ForwardRenderer\ForwardRenderer.h">
      <Filter>Header Files</Filter>
    </ClInclude>
    <ClInclude Include="BF\Graphics\Fonts\FontAtlasFactory.h">
      <Filter>Header Files</Filter>
    </ClInclude>
    <ClInclude Include="BF\Graphics\Fonts\Font.h">
      <Filter>Header Files</Filter>
    </ClInclude>
    <ClInclude Include="BF\Graphics\GUI\Label.h">
      <Filter>Header Files</Filter>
    </ClInclude>
    <ClInclude Include="BF\Graphics\Renderers\SpriteRenderer\Text.h">
      <Filter>Header Files</Filter>
    </ClInclude>
  </ItemGroup>
  <ItemGroup>
    <None Include="BF\Graphics\API\StandardShaders\3D\GLSL-ES3.0\Shader.vpshader" />
    <None Include="BF\Graphics\API\StandardShaders\3D\HLSL5.0\Shader.vpshader" />
    <None Include="BF\Graphics\API\StandardShaders\3DMipAF\GLSL-Core4.5\Shader.vpshader" />
    <None Include="BF\Graphics\API\StandardShaders\3DMipAF\GLSL-ES3.0\Shader.vpshader" />
    <None Include="BF\Graphics\API\StandardShaders\3DMipAF\HLSL5.0\Shader.vpshader" />
    <None Include="BF\Graphics\API\StandardShaders\Light\GLSL-Core4.5\Shader.vpshader" />
    <None Include="BF\Graphics\API\StandardShaders\Light\GLSL-ES3.0\Shader.vpshader" />
    <None Include="BF\Graphics\API\StandardShaders\Light\HLSL5.0\Shader.vpshader" />
    <None Include="BF\Graphics\API\StandardShaders\SpriteRenderer\GLSL-Core4.5\Shader.vpshader" />
    <None Include="BF\Graphics\API\StandardShaders\SpriteRenderer\GLSL-ES3.0\Shader.vpshader" />
    <None Include="BF\Graphics\API\StandardShaders\SpriteRenderer\HLSL5.0\Shader.vpshader" />
    <None Include="BF\Graphics\API\StandardShaders\TextureCube\GLSL-Core4.5\Shader.vpshader" />
    <None Include="BF\Graphics\API\StandardShaders\TextureCube\GLSL-ES3.0\Shader.vpshader" />
    <None Include="BF\Graphics\API\StandardShaders\TextureCube\HLSL5.0\Shader.vpshader" />
    <None Include="BF\Graphics\API\StandardShaders\3D\GLSL-Core4.5\Shader.vpshader" />
    <None Include="BF\Graphics\API\StandardShaders\3D\GLSL-Core4.5\OldShader.vpshader" />
    <None Include="BF\Graphics\API\StandardShaders\3D\GLSL-Core4.5\SingleLight3DShader.vpshader" />
  </ItemGroup>
</Project>