<?xml version="1.0" encoding="utf-8"?>
<Project ToolsVersion="4.0" xmlns="http://schemas.microsoft.com/developer/msbuild/2003">
  <ItemGroup>
    <Filter Include="Source Files">
      <UniqueIdentifier>{4FC737F1-C7A5-4376-A066-2A32D752A2FF}</UniqueIdentifier>
      <Extensions>cpp;c;cc;cxx;def;odl;idl;hpj;bat;asm;asmx</Extensions>
    </Filter>
    <Filter Include="Header Files">
      <UniqueIdentifier>{93995380-89BD-4b04-88EB-625FBE52EBFB}</UniqueIdentifier>
      <Extensions>h;hh;hpp;hxx;hm;inl;inc;xsd</Extensions>
    </Filter>
    <Filter Include="Resource Files">
      <UniqueIdentifier>{67DA6AB6-F800-4c08-8B7A-83BB121AAD01}</UniqueIdentifier>
      <Extensions>rc;ico;cur;bmp;dlg;rc2;rct;bin;rgs;gif;jpg;jpeg;jpe;resx;tiff;tif;png;wav;mfcribbon-ms</Extensions>
    </Filter>
  </ItemGroup>
  <ItemGroup>
    <ClInclude Include="BF\Common.h">
      <Filter>Header Files</Filter>
    </ClInclude>
    <ClInclude Include="BF\Application\Window.h">
      <Filter>Header Files</Filter>
    </ClInclude>
    <ClInclude Include="BF\Application\WindowStyle.h">
      <Filter>Header Files</Filter>
    </ClInclude>
    <ClInclude Include="BF\Platform\OpenGL\WINGLContext.h">
      <Filter>Header Files</Filter>
    </ClInclude>
    <ClInclude Include="BF\Platform\Windows\WINWindow.h">
      <Filter>Header Files</Filter>
    </ClInclude>
    <ClInclude Include="BF\Math\Math.h">
      <Filter>Header Files</Filter>
    </ClInclude>
    <ClInclude Include="BF\Math\Matrix4.h">
      <Filter>Header Files</Filter>
    </ClInclude>
    <ClInclude Include="BF\Math\Rectangle.h">
      <Filter>Header Files</Filter>
    </ClInclude>
    <ClInclude Include="BF\Math\Vector2.h">
      <Filter>Header Files</Filter>
    </ClInclude>
    <ClInclude Include="BF\Math\Vector3.h">
      <Filter>Header Files</Filter>
    </ClInclude>
    <ClInclude Include="BF\Math\Vector4.h">
      <Filter>Header Files</Filter>
    </ClInclude>
    <ClInclude Include="BF\Graphics\RenderAPI.h">
      <Filter>Header Files</Filter>
    </ClInclude>
    <ClInclude Include="BF\Graphics\Buffers\BufferMapper.h">
      <Filter>Header Files</Filter>
    </ClInclude>
    <ClInclude Include="BF\Graphics\Buffers\ConstentBuffer.h">
      <Filter>Header Files</Filter>
    </ClInclude>
    <ClInclude Include="BF\Graphics\Buffers\VertexBuffer.h">
      <Filter>Header Files</Filter>
    </ClInclude>
    <ClInclude Include="BF\Graphics\Renderer\Renderer.h">
      <Filter>Header Files</Filter>
    </ClInclude>
    <ClInclude Include="BF\Graphics\Shader\PlatformSpecific\DX11Shader.h">
      <Filter>Header Files</Filter>
    </ClInclude>
    <ClInclude Include="BF\Graphics\Shader\PlatformSpecific\GLShader.h">
      <Filter>Header Files</Filter>
    </ClInclude>
    <ClInclude Include="BF\Graphics\Shader\Shader.h">
      <Filter>Header Files</Filter>
    </ClInclude>
    <ClInclude Include="BF\Input\Mouse.h">
      <Filter>Header Files</Filter>
    </ClInclude>
    <ClInclude Include="BF\IO\FileReader.h">
      <Filter>Header Files</Filter>
    </ClInclude>
    <ClInclude Include="BF\Platform\DirectX\DXContext.h">
      <Filter>Header Files</Filter>
    </ClInclude>
    <ClInclude Include="BF\Platform\Linux\LXWindow.h">
      <Filter>Header Files</Filter>
    </ClInclude>
    <ClInclude Include="BF\Platform\OpenGL\LXGLContext.h">
      <Filter>Header Files</Filter>
    </ClInclude>
    <ClInclude Include="BF\Util\Log.h">
      <Filter>Header Files</Filter>
    </ClInclude>
  </ItemGroup>
  <ItemGroup>
    <ClCompile Include="BF\Application\Window.cpp">
      <Filter>Source Files</Filter>
    </ClCompile>
    <ClCompile Include="BF\Platform\OpenGL\WINGLContext.cpp">
      <Filter>Source Files</Filter>
    </ClCompile>
    <ClCompile Include="BF\Platform\Windows\WINWindow.cpp">
      <Filter>Source Files</Filter>
    </ClCompile>
    <ClCompile Include="BF\Math\Matrix4.cpp">
      <Filter>Source Files</Filter>
    </ClCompile>
    <ClCompile Include="BF\Graphics\Buffers\BufferMapper.cpp">
      <Filter>Source Files</Filter>
    </ClCompile>
    <ClCompile Include="BF\Graphics\Buffers\ConstentBuffer.cpp">
      <Filter>Source Files</Filter>
    </ClCompile>
    <ClCompile Include="BF\Graphics\Buffers\VertexBuffer.cpp">
      <Filter>Source Files</Filter>
    </ClCompile>
    <ClCompile Include="BF\Graphics\Renderer\Renderer.cpp">
      <Filter>Source Files</Filter>
    </ClCompile>
    <ClCompile Include="BF\Graphics\Shader\PlatformSpecific\DX11Shader.cpp">
      <Filter>Source Files</Filter>
    </ClCompile>
    <ClCompile Include="BF\Graphics\Shader\PlatformSpecific\GLShader.cpp">
      <Filter>Source Files</Filter>
    </ClCompile>
    <ClCompile Include="BF\Graphics\Shader\Shader.cpp">
      <Filter>Source Files</Filter>
    </ClCompile>
    <ClCompile Include="BF\Input\Mouse.cpp">
      <Filter>Source Files</Filter>
    </ClCompile>
    <ClCompile Include="BF\Platform\DirectX\DXContext.cpp">
      <Filter>Source Files</Filter>
    </ClCompile>
    <ClCompile Include="BF\Platform\Linux\LXWindow.cpp">
      <Filter>Source Files</Filter>
    </ClCompile>
    <ClCompile Include="BF\Platform\OpenGL\LXGLContext.cpp">
      <Filter>Source Files</Filter>
    </ClCompile>
    <ClCompile Include="BF\Util\Log.cpp">
      <Filter>Source Files</Filter>
    </ClCompile>
  </ItemGroup>
</Project>