<?xml version="1.0" encoding="utf-8"?>
<Project ToolsVersion="4.0" xmlns="http://schemas.microsoft.com/developer/msbuild/2003">
  <ItemGroup>
    <Filter Include="Source Files">
      <UniqueIdentifier>{4FC737F1-C7A5-4376-A066-2A32D752A2FF}</UniqueIdentifier>
      <Extensions>cpp;c;cc;cxx;def;odl;idl;hpj;bat;asm;asmx</Extensions>
    </Filter>
    <Filter Include="Header Files">
      <UniqueIdentifier>{93995380-89BD-4b04-88EB-625FBE52EBFB}</UniqueIdentifier>
      <Extensions>h;hh;hpp;hxx;hm;inl;inc;xsd</Extensions>
    </Filter>
    <Filter Include="Resource Files">
      <UniqueIdentifier>{67DA6AB6-F800-4c08-8B7A-83BB121AAD01}</UniqueIdentifier>
      <Extensions>rc;ico;cur;bmp;dlg;rc2;rct;bin;rgs;gif;jpg;jpeg;jpe;resx;tiff;tif;png;wav;mfcribbon-ms</Extensions>
    </Filter>
  </ItemGroup>
  <ItemGroup>
    <ClCompile Include="Sandbox\Main.cpp">
      <Filter>Source Files</Filter>
    </ClCompile>
    <ClCompile Include="Sandbox\Forward_Renderer_Test.cpp">
      <Filter>Source Files</Filter>
    </ClCompile>
    <ClCompile Include="Sandbox\ECS_Script_Test.cpp">
      <Filter>Source Files</Filter>
    </ClCompile>
    <ClCompile Include="Sandbox\ScriptTest.cpp">
      <Filter>Source Files</Filter>
    </ClCompile>
    <ClCompile Include="Sandbox\Hello_Triangle.cpp">
      <Filter>Source Files</Filter>
    </ClCompile>
    <ClCompile Include="Sandbox\FPSCamera.cpp">
      <Filter>Source Files</Filter>
    </ClCompile>
    <ClCompile Include="Sandbox\IsoMapTest.cpp">
      <Filter>Source Files</Filter>
    </ClCompile>
    <ClCompile Include="Sandbox\GUITest.cpp">
      <Filter>Source Files</Filter>
    </ClCompile>
  </ItemGroup>
  <ItemGroup>
    <None Include="Assets\Shaders\GLSL\SpriteRenderer\VertexShader.glsl" />
    <None Include="Assets\Shaders\GLSL\SpriteRenderer\PixelShader.glsl" />
    <None Include="Assets\Shaders\GLSL\3D\VertexShader.glsl" />
    <None Include="Assets\Shaders\GLSL\3D\PixelShader.glsl" />
    <None Include="Assets\Shaders\HLSL\Compiled\SpriteRenderer\PixelShader.cso" />
    <None Include="Assets\Shaders\HLSL\Compiled\SpriteRenderer\VertexShader.cso" />
    <None Include="Assets\Shaders\GLSL\TextureCube\PixelShader.glsl" />
    <None Include="Assets\Shaders\GLSL\TextureCube\VertexShader.glsl" />
    <None Include="Assets\Shaders\GLSL\Light\PixelShader.glsl" />
    <None Include="Assets\Shaders\GLSL\Light\VertexShader.glsl" />
    <None Include="Assets\Shaders\GLSL\3DMipAF\PixelShader.glsl" />
    <None Include="Assets\Shaders\GLSL\3DMipAF\VertexShader.glsl" />
  </ItemGroup>
  <ItemGroup>
    <FxCompile Include="Assets\Shaders\HLSL\3D\PixelShader.hlsl" />
    <FxCompile Include="Assets\Shaders\HLSL\3D\VertexShader.hlsl" />
    <FxCompile Include="Assets\Shaders\HLSL\SpriteRenderer\PixelShader.hlsl" />
    <FxCompile Include="Assets\Shaders\HLSL\SpriteRenderer\VertexShader.hlsl" />
  </ItemGroup>
  <ItemGroup>
    <ClInclude Include="Sandbox\Forward_Renderer_Test.h">
      <Filter>Header Files</Filter>
    </ClInclude>
    <ClInclude Include="Sandbox\ECS_Script_Test.h">
      <Filter>Header Files</Filter>
    </ClInclude>
    <ClInclude Include="Sandbox\ScriptTest.h">
      <Filter>Header Files</Filter>
    </ClInclude>
    <ClInclude Include="Sandbox\Hello_Triangle.h">
      <Filter>Header Files</Filter>
    </ClInclude>
    <ClInclude Include="Sandbox\FPSCamera.h">
      <Filter>Header Files</Filter>
    </ClInclude>
    <ClInclude Include="Sandbox\IsoMapTest.h">
      <Filter>Header Files</Filter>
    </ClInclude>
    <ClInclude Include="Sandbox\GUITest.h">
      <Filter>Header Files</Filter>
    </ClInclude>
  </ItemGroup>
</Project>